// !$*UTF8*$!
{
	archiveVersion = 1;
	classes = {
	};
	objectVersion = 46;
	objects = {

/* Begin PBXBuildFile section */
		00456AB2EB175D138A6B6758 /* libPods-KYChat.a in Frameworks */ = {isa = PBXBuildFile; fileRef = F8467F2C3B12D60C5B577482 /* libPods-KYChat.a */; };
		55950B561E8426A100ECF74F /* main.m in Sources */ = {isa = PBXBuildFile; fileRef = 55950B551E8426A100ECF74F /* main.m */; };
		55950B591E8426A100ECF74F /* AppDelegate.m in Sources */ = {isa = PBXBuildFile; fileRef = 55950B581E8426A100ECF74F /* AppDelegate.m */; };
		55950B5C1E8426A100ECF74F /* ViewController.m in Sources */ = {isa = PBXBuildFile; fileRef = 55950B5B1E8426A100ECF74F /* ViewController.m */; };
		55950B5F1E8426A100ECF74F /* Main.storyboard in Resources */ = {isa = PBXBuildFile; fileRef = 55950B5D1E8426A100ECF74F /* Main.storyboard */; };
		55950B611E8426A100ECF74F /* Assets.xcassets in Resources */ = {isa = PBXBuildFile; fileRef = 55950B601E8426A100ECF74F /* Assets.xcassets */; };
		55950B641E8426A100ECF74F /* LaunchScreen.storyboard in Resources */ = {isa = PBXBuildFile; fileRef = 55950B621E8426A100ECF74F /* LaunchScreen.storyboard */; };
		55950B6F1E8426A100ECF74F /* KYChatTests.m in Sources */ = {isa = PBXBuildFile; fileRef = 55950B6E1E8426A100ECF74F /* KYChatTests.m */; };
		55950B7A1E8426A100ECF74F /* KYChatUITests.m in Sources */ = {isa = PBXBuildFile; fileRef = 55950B791E8426A100ECF74F /* KYChatUITests.m */; };
		55A8BB0B1E91720B0064E7F5 /* customSecurityPolocy.m in Sources */ = {isa = PBXBuildFile; fileRef = 55A8BADD1E91720B0064E7F5 /* customSecurityPolocy.m */; };
		55A8BB0C1E91720B0064E7F5 /* YAAPIBaseRequestDataModel.m in Sources */ = {isa = PBXBuildFile; fileRef = 55A8BADF1E91720B0064E7F5 /* YAAPIBaseRequestDataModel.m */; };
		55A8BB0D1E91720B0064E7F5 /* YAAPIResponseErrorHandler.m in Sources */ = {isa = PBXBuildFile; fileRef = 55A8BAE11E91720B0064E7F5 /* YAAPIResponseErrorHandler.m */; };
		55A8BB0E1E91720B0064E7F5 /* YAAPIURLRequestGenerator.m in Sources */ = {isa = PBXBuildFile; fileRef = 55A8BAE31E91720B0064E7F5 /* YAAPIURLRequestGenerator.m */; };
		55A8BB0F1E91720B0064E7F5 /* YAAppContext.m in Sources */ = {isa = PBXBuildFile; fileRef = 55A8BAE51E91720B0064E7F5 /* YAAppContext.m */; };
		55A8BB101E91720B0064E7F5 /* YACommonParamsGenerator.m in Sources */ = {isa = PBXBuildFile; fileRef = 55A8BAE71E91720B0064E7F5 /* YACommonParamsGenerator.m */; };
		55A8BB111E91720B0064E7F5 /* YASignatureGenerator.m in Sources */ = {isa = PBXBuildFile; fileRef = 55A8BAE91E91720B0064E7F5 /* YASignatureGenerator.m */; };
		55A8BB121E91720B0064E7F5 /* YABaseDataEngine.m in Sources */ = {isa = PBXBuildFile; fileRef = 55A8BAEC1E91720B0064E7F5 /* YABaseDataEngine.m */; };
		55A8BB131E91720B0064E7F5 /* NSObject+YANetWorkingAutoCancel.m in Sources */ = {isa = PBXBuildFile; fileRef = 55A8BAEF1E91720B0064E7F5 /* NSObject+YANetWorkingAutoCancel.m */; };
		55A8BB141E91720B0064E7F5 /* NSString+UtilNetworking.m in Sources */ = {isa = PBXBuildFile; fileRef = 55A8BAF11E91720B0064E7F5 /* NSString+UtilNetworking.m */; };
		55A8BB151E91720B0064E7F5 /* UIDevice+UtilNetworking.m in Sources */ = {isa = PBXBuildFile; fileRef = 55A8BAF31E91720B0064E7F5 /* UIDevice+UtilNetworking.m */; };
		55A8BB161E91720B0064E7F5 /* YANetworkingAutoCancelRequests.m in Sources */ = {isa = PBXBuildFile; fileRef = 55A8BAF51E91720B0064E7F5 /* YANetworkingAutoCancelRequests.m */; };
		55A8BB171E91720B0064E7F5 /* FWZServer.m in Sources */ = {isa = PBXBuildFile; fileRef = 55A8BAFA1E91720B0064E7F5 /* FWZServer.m */; };
		55A8BB181E91720B0064E7F5 /* YAServer.m in Sources */ = {isa = PBXBuildFile; fileRef = 55A8BAFD1E91720B0064E7F5 /* YAServer.m */; };
		55A8BB191E91720B0064E7F5 /* YABaseServers.m in Sources */ = {isa = PBXBuildFile; fileRef = 55A8BAFF1E91720B0064E7F5 /* YABaseServers.m */; };
		55A8BB1A1E91720B0064E7F5 /* YAServerFactory.m in Sources */ = {isa = PBXBuildFile; fileRef = 55A8BB011E91720B0064E7F5 /* YAServerFactory.m */; };
		55A8BB1B1E91720B0064E7F5 /* YAAPIClient.m in Sources */ = {isa = PBXBuildFile; fileRef = 55A8BB031E91720B0064E7F5 /* YAAPIClient.m */; };
		55A8BB1C1E91720B0064E7F5 /* CheckAppStroeDataEngine.m in Sources */ = {isa = PBXBuildFile; fileRef = 55A8BB061E91720B0064E7F5 /* CheckAppStroeDataEngine.m */; };
		55A8BB1D1E91720B0064E7F5 /* TLNetworking.m in Sources */ = {isa = PBXBuildFile; fileRef = 55A8BB0A1E91720B0064E7F5 /* TLNetworking.m */; };
		8B08AB7E1E91FFCF008052E5 /* TLAccountViewController.m in Sources */ = {isa = PBXBuildFile; fileRef = 8B08AB7D1E91FFCF008052E5 /* TLAccountViewController.m */; };
		8B08AB811E920007008052E5 /* TLRegisterViewController.m in Sources */ = {isa = PBXBuildFile; fileRef = 8B08AB801E920007008052E5 /* TLRegisterViewController.m */; };
		8B08AB8E1E921DA8008052E5 /* TLUser.m in Sources */ = {isa = PBXBuildFile; fileRef = 8B08AB8D1E921DA8008052E5 /* TLUser.m */; };
		8B08AB951E921DE1008052E5 /* TLBaseDataModel.m in Sources */ = {isa = PBXBuildFile; fileRef = 8B08AB901E921DE1008052E5 /* TLBaseDataModel.m */; };
		8B08AB961E921DE1008052E5 /* TLBaseProxy.m in Sources */ = {isa = PBXBuildFile; fileRef = 8B08AB921E921DE1008052E5 /* TLBaseProxy.m */; };
		8B08ABA01E921E27008052E5 /* TLUserDetail.m in Sources */ = {isa = PBXBuildFile; fileRef = 8B08AB991E921E27008052E5 /* TLUserDetail.m */; };
		8B08ABA11E921E27008052E5 /* TLUserSetting.m in Sources */ = {isa = PBXBuildFile; fileRef = 8B08AB9B1E921E27008052E5 /* TLUserSetting.m */; };
		8B08ABA21E921E27008052E5 /* TLUserChatSetting.m in Sources */ = {isa = PBXBuildFile; fileRef = 8B08AB9D1E921E27008052E5 /* TLUserChatSetting.m */; };
		8B08ABA31E921E27008052E5 /* TLUserGroup.m in Sources */ = {isa = PBXBuildFile; fileRef = 8B08AB9F1E921E27008052E5 /* TLUserGroup.m */; };
		8B08ABAB1E9221B7008052E5 /* KYUserHelper.m in Sources */ = {isa = PBXBuildFile; fileRef = 8B08ABAA1E9221B7008052E5 /* KYUserHelper.m */; };
		8B4865201E91CEE000194A85 /* FaceEmoji.json in Resources */ = {isa = PBXBuildFile; fileRef = 8B48650E1E91CEE000194A85 /* FaceEmoji.json */; };
		8B4865211E91CEE000194A85 /* SystemEmoji.json in Resources */ = {isa = PBXBuildFile; fileRef = 8B48650F1E91CEE000194A85 /* SystemEmoji.json */; };
		8B4865221E91CEE000194A85 /* Chat.xcassets in Resources */ = {isa = PBXBuildFile; fileRef = 8B4865111E91CEE000194A85 /* Chat.xcassets */; };
		8B4865231E91CEE000194A85 /* Common.xcassets in Resources */ = {isa = PBXBuildFile; fileRef = 8B4865121E91CEE000194A85 /* Common.xcassets */; };
		8B4865241E91CEE000194A85 /* Conversation.xcassets in Resources */ = {isa = PBXBuildFile; fileRef = 8B4865131E91CEE000194A85 /* Conversation.xcassets */; };
		8B4865251E91CEE000194A85 /* Discover.xcassets in Resources */ = {isa = PBXBuildFile; fileRef = 8B4865141E91CEE000194A85 /* Discover.xcassets */; };
		8B4865261E91CEE000194A85 /* Friends.xcassets in Resources */ = {isa = PBXBuildFile; fileRef = 8B4865151E91CEE000194A85 /* Friends.xcassets */; };
		8B4865271E91CEE000194A85 /* Launch.xcassets in Resources */ = {isa = PBXBuildFile; fileRef = 8B4865161E91CEE000194A85 /* Launch.xcassets */; };
		8B4865281E91CEE000194A85 /* Mine.xcassets in Resources */ = {isa = PBXBuildFile; fileRef = 8B4865171E91CEE000194A85 /* Mine.xcassets */; };
		8B4865291E91CEE000194A85 /* FriendGroupList.json in Resources */ = {isa = PBXBuildFile; fileRef = 8B48651A1E91CEE000194A85 /* FriendGroupList.json */; };
		8B48652A1E91CEE000194A85 /* FriendList.json in Resources */ = {isa = PBXBuildFile; fileRef = 8B48651B1E91CEE000194A85 /* FriendList.json */; };
		8B48652B1E91CEE000194A85 /* main.js in Resources */ = {isa = PBXBuildFile; fileRef = 8B48651D1E91CEE000194A85 /* main.js */; };
		8B48652C1E91CEE000194A85 /* Moments.json in Resources */ = {isa = PBXBuildFile; fileRef = 8B48651F1E91CEE000194A85 /* Moments.json */; };
		8B4865321E91D13000194A85 /* TLLoginViewController.m in Sources */ = {isa = PBXBuildFile; fileRef = 8B4865311E91D13000194A85 /* TLLoginViewController.m */; };
		8BFC42AD1E8E3ED30087423D /* KYViewController.m in Sources */ = {isa = PBXBuildFile; fileRef = 8BFC42AC1E8E3ED30087423D /* KYViewController.m */; };
		8BFC42B41E8E418A0087423D /* UIColor+KYChat.m in Sources */ = {isa = PBXBuildFile; fileRef = 8BFC42B31E8E418A0087423D /* UIColor+KYChat.m */; };
		8BFC42C31E8E473A0087423D /* KYTableViewController.m in Sources */ = {isa = PBXBuildFile; fileRef = 8BFC42C21E8E473A0087423D /* KYTableViewController.m */; };
		8BFC42C61E8E49B20087423D /* KYConversationViewController.m in Sources */ = {isa = PBXBuildFile; fileRef = 8BFC42C51E8E49B20087423D /* KYConversationViewController.m */; };
		8BFC42CD1E8E4AD40087423D /* KYMenuViewController.m in Sources */ = {isa = PBXBuildFile; fileRef = 8BFC42CC1E8E4AD40087423D /* KYMenuViewController.m */; };
		8BFC42D01E8E4B250087423D /* KYDiscoverViewController.m in Sources */ = {isa = PBXBuildFile; fileRef = 8BFC42CF1E8E4B250087423D /* KYDiscoverViewController.m */; };
		8BFC42D41E8E4B8B0087423D /* KYMineViewController.m in Sources */ = {isa = PBXBuildFile; fileRef = 8BFC42D31E8E4B8B0087423D /* KYMineViewController.m */; };
		8BFC42D71E8E4DFD0087423D /* KYTabBarController.m in Sources */ = {isa = PBXBuildFile; fileRef = 8BFC42D61E8E4DFD0087423D /* KYTabBarController.m */; };
		8BFC42DA1E8E4E440087423D /* KYRootViewController.m in Sources */ = {isa = PBXBuildFile; fileRef = 8BFC42D91E8E4E440087423D /* KYRootViewController.m */; };
		8BFC42DE1E8E4FCF0087423D /* KYFriendSearchViewController.m in Sources */ = {isa = PBXBuildFile; fileRef = 8BFC42DD1E8E4FCF0087423D /* KYFriendSearchViewController.m */; };
		8BFC42E11E8E503B0087423D /* KYFrieldsViewController.m in Sources */ = {isa = PBXBuildFile; fileRef = 8BFC42E01E8E503B0087423D /* KYFrieldsViewController.m */; };
		8BFC42E41E8E53160087423D /* KYNavigationController.m in Sources */ = {isa = PBXBuildFile; fileRef = 8BFC42E31E8E53160087423D /* KYNavigationController.m */; };
		8BFC42E71E8E53610087423D /* UIFont+KYChat.m in Sources */ = {isa = PBXBuildFile; fileRef = 8BFC42E61E8E53610087423D /* UIFont+KYChat.m */; };
		8BFC43181E8E562A0087423D /* NSDate+Extension.m in Sources */ = {isa = PBXBuildFile; fileRef = 8BFC42EC1E8E56290087423D /* NSDate+Extension.m */; };
		8BFC43191E8E562A0087423D /* NSDate+Utilities.m in Sources */ = {isa = PBXBuildFile; fileRef = 8BFC42EE1E8E56290087423D /* NSDate+Utilities.m */; };
		8BFC431A1E8E562A0087423D /* NSFileManager+Paths.m in Sources */ = {isa = PBXBuildFile; fileRef = 8BFC42F11E8E56290087423D /* NSFileManager+Paths.m */; };
		8BFC431B1E8E562A0087423D /* NSString+PinYin.m in Sources */ = {isa = PBXBuildFile; fileRef = 8BFC42F41E8E56290087423D /* NSString+PinYin.m */; };
		8BFC431C1E8E562A0087423D /* NSString+UrlEncode.m in Sources */ = {isa = PBXBuildFile; fileRef = 8BFC42F61E8E56290087423D /* NSString+UrlEncode.m */; };
		8BFC431D1E8E562A0087423D /* UIBarButtonItem+Action.m in Sources */ = {isa = PBXBuildFile; fileRef = 8BFC42F91E8E56290087423D /* UIBarButtonItem+Action.m */; };
		8BFC431E1E8E562A0087423D /* UIButton+TLChat.m in Sources */ = {isa = PBXBuildFile; fileRef = 8BFC42FC1E8E56290087423D /* UIButton+TLChat.m */; };
		8BFC431F1E8E562A0087423D /* UIImage+Color.m in Sources */ = {isa = PBXBuildFile; fileRef = 8BFC42FF1E8E56290087423D /* UIImage+Color.m */; };
		8BFC43201E8E562A0087423D /* UIImage+Size.m in Sources */ = {isa = PBXBuildFile; fileRef = 8BFC43011E8E56290087423D /* UIImage+Size.m */; };
		8BFC43211E8E562A0087423D /* UIImagePickerController+Fixed.m in Sources */ = {isa = PBXBuildFile; fileRef = 8BFC43041E8E562A0087423D /* UIImagePickerController+Fixed.m */; };
		8BFC43221E8E562A0087423D /* UINavigationController+JZExtension.m in Sources */ = {isa = PBXBuildFile; fileRef = 8BFC43071E8E562A0087423D /* UINavigationController+JZExtension.m */; };
		8BFC43231E8E562A0087423D /* UINavigationController+StackManager.m in Sources */ = {isa = PBXBuildFile; fileRef = 8BFC43091E8E562A0087423D /* UINavigationController+StackManager.m */; };
		8BFC43241E8E562A0087423D /* UINavigationItem+Fixed.m in Sources */ = {isa = PBXBuildFile; fileRef = 8BFC430C1E8E562A0087423D /* UINavigationItem+Fixed.m */; };
		8BFC43251E8E562A0087423D /* UIScrollView+Pages.m in Sources */ = {isa = PBXBuildFile; fileRef = 8BFC430F1E8E562A0087423D /* UIScrollView+Pages.m */; };
		8BFC43261E8E562A0087423D /* UITableView+TLChat.m in Sources */ = {isa = PBXBuildFile; fileRef = 8BFC43121E8E562A0087423D /* UITableView+TLChat.m */; };
		8BFC43271E8E562A0087423D /* UIView+Extensions.m in Sources */ = {isa = PBXBuildFile; fileRef = 8BFC43151E8E562A0087423D /* UIView+Extensions.m */; };
		8BFC43281E8E562A0087423D /* UIView+Frame.m in Sources */ = {isa = PBXBuildFile; fileRef = 8BFC43171E8E562A0087423D /* UIView+Frame.m */; };
/* End PBXBuildFile section */

/* Begin PBXContainerItemProxy section */
		55950B6B1E8426A100ECF74F /* PBXContainerItemProxy */ = {
			isa = PBXContainerItemProxy;
			containerPortal = 55950B491E8426A100ECF74F /* Project object */;
			proxyType = 1;
			remoteGlobalIDString = 55950B501E8426A100ECF74F;
			remoteInfo = KYChat;
		};
		55950B761E8426A100ECF74F /* PBXContainerItemProxy */ = {
			isa = PBXContainerItemProxy;
			containerPortal = 55950B491E8426A100ECF74F /* Project object */;
			proxyType = 1;
			remoteGlobalIDString = 55950B501E8426A100ECF74F;
			remoteInfo = KYChat;
		};
/* End PBXContainerItemProxy section */

/* Begin PBXFileReference section */
		3112860C18C3384EDF1C1D51 /* Pods-KYChat.debug.xcconfig */ = {isa = PBXFileReference; includeInIndex = 1; lastKnownFileType = text.xcconfig; name = "Pods-KYChat.debug.xcconfig"; path = "Pods/Target Support Files/Pods-KYChat/Pods-KYChat.debug.xcconfig"; sourceTree = "<group>"; };
		55950B511E8426A100ECF74F /* KYChat.app */ = {isa = PBXFileReference; explicitFileType = wrapper.application; includeInIndex = 0; path = KYChat.app; sourceTree = BUILT_PRODUCTS_DIR; };
		55950B551E8426A100ECF74F /* main.m */ = {isa = PBXFileReference; lastKnownFileType = sourcecode.c.objc; path = main.m; sourceTree = "<group>"; };
		55950B571E8426A100ECF74F /* AppDelegate.h */ = {isa = PBXFileReference; lastKnownFileType = sourcecode.c.h; path = AppDelegate.h; sourceTree = "<group>"; };
		55950B581E8426A100ECF74F /* AppDelegate.m */ = {isa = PBXFileReference; lastKnownFileType = sourcecode.c.objc; path = AppDelegate.m; sourceTree = "<group>"; };
		55950B5A1E8426A100ECF74F /* ViewController.h */ = {isa = PBXFileReference; lastKnownFileType = sourcecode.c.h; path = ViewController.h; sourceTree = "<group>"; };
		55950B5B1E8426A100ECF74F /* ViewController.m */ = {isa = PBXFileReference; lastKnownFileType = sourcecode.c.objc; path = ViewController.m; sourceTree = "<group>"; };
		55950B5E1E8426A100ECF74F /* Base */ = {isa = PBXFileReference; lastKnownFileType = file.storyboard; name = Base; path = Base.lproj/Main.storyboard; sourceTree = "<group>"; };
		55950B601E8426A100ECF74F /* Assets.xcassets */ = {isa = PBXFileReference; lastKnownFileType = folder.assetcatalog; path = Assets.xcassets; sourceTree = "<group>"; };
		55950B631E8426A100ECF74F /* Base */ = {isa = PBXFileReference; lastKnownFileType = file.storyboard; name = Base; path = Base.lproj/LaunchScreen.storyboard; sourceTree = "<group>"; };
		55950B651E8426A100ECF74F /* Info.plist */ = {isa = PBXFileReference; lastKnownFileType = text.plist.xml; path = Info.plist; sourceTree = "<group>"; };
		55950B6A1E8426A100ECF74F /* KYChatTests.xctest */ = {isa = PBXFileReference; explicitFileType = wrapper.cfbundle; includeInIndex = 0; path = KYChatTests.xctest; sourceTree = BUILT_PRODUCTS_DIR; };
		55950B6E1E8426A100ECF74F /* KYChatTests.m */ = {isa = PBXFileReference; lastKnownFileType = sourcecode.c.objc; path = KYChatTests.m; sourceTree = "<group>"; };
		55950B701E8426A100ECF74F /* Info.plist */ = {isa = PBXFileReference; lastKnownFileType = text.plist.xml; path = Info.plist; sourceTree = "<group>"; };
		55950B751E8426A100ECF74F /* KYChatUITests.xctest */ = {isa = PBXFileReference; explicitFileType = wrapper.cfbundle; includeInIndex = 0; path = KYChatUITests.xctest; sourceTree = BUILT_PRODUCTS_DIR; };
		55950B791E8426A100ECF74F /* KYChatUITests.m */ = {isa = PBXFileReference; lastKnownFileType = sourcecode.c.objc; path = KYChatUITests.m; sourceTree = "<group>"; };
		55950B7B1E8426A100ECF74F /* Info.plist */ = {isa = PBXFileReference; lastKnownFileType = text.plist.xml; path = Info.plist; sourceTree = "<group>"; };
		55A8BADC1E91720B0064E7F5 /* customSecurityPolocy.h */ = {isa = PBXFileReference; fileEncoding = 4; lastKnownFileType = sourcecode.c.h; path = customSecurityPolocy.h; sourceTree = "<group>"; };
		55A8BADD1E91720B0064E7F5 /* customSecurityPolocy.m */ = {isa = PBXFileReference; fileEncoding = 4; lastKnownFileType = sourcecode.c.objc; path = customSecurityPolocy.m; sourceTree = "<group>"; };
		55A8BADE1E91720B0064E7F5 /* YAAPIBaseRequestDataModel.h */ = {isa = PBXFileReference; fileEncoding = 4; lastKnownFileType = sourcecode.c.h; path = YAAPIBaseRequestDataModel.h; sourceTree = "<group>"; };
		55A8BADF1E91720B0064E7F5 /* YAAPIBaseRequestDataModel.m */ = {isa = PBXFileReference; fileEncoding = 4; lastKnownFileType = sourcecode.c.objc; path = YAAPIBaseRequestDataModel.m; sourceTree = "<group>"; };
		55A8BAE01E91720B0064E7F5 /* YAAPIResponseErrorHandler.h */ = {isa = PBXFileReference; fileEncoding = 4; lastKnownFileType = sourcecode.c.h; path = YAAPIResponseErrorHandler.h; sourceTree = "<group>"; };
		55A8BAE11E91720B0064E7F5 /* YAAPIResponseErrorHandler.m */ = {isa = PBXFileReference; fileEncoding = 4; lastKnownFileType = sourcecode.c.objc; path = YAAPIResponseErrorHandler.m; sourceTree = "<group>"; };
		55A8BAE21E91720B0064E7F5 /* YAAPIURLRequestGenerator.h */ = {isa = PBXFileReference; fileEncoding = 4; lastKnownFileType = sourcecode.c.h; path = YAAPIURLRequestGenerator.h; sourceTree = "<group>"; };
		55A8BAE31E91720B0064E7F5 /* YAAPIURLRequestGenerator.m */ = {isa = PBXFileReference; fileEncoding = 4; lastKnownFileType = sourcecode.c.objc; path = YAAPIURLRequestGenerator.m; sourceTree = "<group>"; };
		55A8BAE41E91720B0064E7F5 /* YAAppContext.h */ = {isa = PBXFileReference; fileEncoding = 4; lastKnownFileType = sourcecode.c.h; path = YAAppContext.h; sourceTree = "<group>"; };
		55A8BAE51E91720B0064E7F5 /* YAAppContext.m */ = {isa = PBXFileReference; fileEncoding = 4; lastKnownFileType = sourcecode.c.objc; path = YAAppContext.m; sourceTree = "<group>"; };
		55A8BAE61E91720B0064E7F5 /* YACommonParamsGenerator.h */ = {isa = PBXFileReference; fileEncoding = 4; lastKnownFileType = sourcecode.c.h; path = YACommonParamsGenerator.h; sourceTree = "<group>"; };
		55A8BAE71E91720B0064E7F5 /* YACommonParamsGenerator.m */ = {isa = PBXFileReference; fileEncoding = 4; lastKnownFileType = sourcecode.c.objc; path = YACommonParamsGenerator.m; sourceTree = "<group>"; };
		55A8BAE81E91720B0064E7F5 /* YASignatureGenerator.h */ = {isa = PBXFileReference; fileEncoding = 4; lastKnownFileType = sourcecode.c.h; path = YASignatureGenerator.h; sourceTree = "<group>"; };
		55A8BAE91E91720B0064E7F5 /* YASignatureGenerator.m */ = {isa = PBXFileReference; fileEncoding = 4; lastKnownFileType = sourcecode.c.objc; path = YASignatureGenerator.m; sourceTree = "<group>"; };
		55A8BAEB1E91720B0064E7F5 /* YABaseDataEngine.h */ = {isa = PBXFileReference; fileEncoding = 4; lastKnownFileType = sourcecode.c.h; path = YABaseDataEngine.h; sourceTree = "<group>"; };
		55A8BAEC1E91720B0064E7F5 /* YABaseDataEngine.m */ = {isa = PBXFileReference; fileEncoding = 4; lastKnownFileType = sourcecode.c.objc; path = YABaseDataEngine.m; sourceTree = "<group>"; };
		55A8BAEE1E91720B0064E7F5 /* NSObject+YANetWorkingAutoCancel.h */ = {isa = PBXFileReference; fileEncoding = 4; lastKnownFileType = sourcecode.c.h; path = "NSObject+YANetWorkingAutoCancel.h"; sourceTree = "<group>"; };
		55A8BAEF1E91720B0064E7F5 /* NSObject+YANetWorkingAutoCancel.m */ = {isa = PBXFileReference; fileEncoding = 4; lastKnownFileType = sourcecode.c.objc; path = "NSObject+YANetWorkingAutoCancel.m"; sourceTree = "<group>"; };
		55A8BAF01E91720B0064E7F5 /* NSString+UtilNetworking.h */ = {isa = PBXFileReference; fileEncoding = 4; lastKnownFileType = sourcecode.c.h; path = "NSString+UtilNetworking.h"; sourceTree = "<group>"; };
		55A8BAF11E91720B0064E7F5 /* NSString+UtilNetworking.m */ = {isa = PBXFileReference; fileEncoding = 4; lastKnownFileType = sourcecode.c.objc; path = "NSString+UtilNetworking.m"; sourceTree = "<group>"; };
		55A8BAF21E91720B0064E7F5 /* UIDevice+UtilNetworking.h */ = {isa = PBXFileReference; fileEncoding = 4; lastKnownFileType = sourcecode.c.h; path = "UIDevice+UtilNetworking.h"; sourceTree = "<group>"; };
		55A8BAF31E91720B0064E7F5 /* UIDevice+UtilNetworking.m */ = {isa = PBXFileReference; fileEncoding = 4; lastKnownFileType = sourcecode.c.objc; path = "UIDevice+UtilNetworking.m"; sourceTree = "<group>"; };
		55A8BAF41E91720B0064E7F5 /* YANetworkingAutoCancelRequests.h */ = {isa = PBXFileReference; fileEncoding = 4; lastKnownFileType = sourcecode.c.h; path = YANetworkingAutoCancelRequests.h; sourceTree = "<group>"; };
		55A8BAF51E91720B0064E7F5 /* YANetworkingAutoCancelRequests.m */ = {isa = PBXFileReference; fileEncoding = 4; lastKnownFileType = sourcecode.c.objc; path = YANetworkingAutoCancelRequests.m; sourceTree = "<group>"; };
		55A8BAF91E91720B0064E7F5 /* FWZServer.h */ = {isa = PBXFileReference; fileEncoding = 4; lastKnownFileType = sourcecode.c.h; path = FWZServer.h; sourceTree = "<group>"; };
		55A8BAFA1E91720B0064E7F5 /* FWZServer.m */ = {isa = PBXFileReference; fileEncoding = 4; lastKnownFileType = sourcecode.c.objc; path = FWZServer.m; sourceTree = "<group>"; };
		55A8BAFC1E91720B0064E7F5 /* YAServer.h */ = {isa = PBXFileReference; fileEncoding = 4; lastKnownFileType = sourcecode.c.h; path = YAServer.h; sourceTree = "<group>"; };
		55A8BAFD1E91720B0064E7F5 /* YAServer.m */ = {isa = PBXFileReference; fileEncoding = 4; lastKnownFileType = sourcecode.c.objc; path = YAServer.m; sourceTree = "<group>"; };
		55A8BAFE1E91720B0064E7F5 /* YABaseServers.h */ = {isa = PBXFileReference; fileEncoding = 4; lastKnownFileType = sourcecode.c.h; path = YABaseServers.h; sourceTree = "<group>"; };
		55A8BAFF1E91720B0064E7F5 /* YABaseServers.m */ = {isa = PBXFileReference; fileEncoding = 4; lastKnownFileType = sourcecode.c.objc; path = YABaseServers.m; sourceTree = "<group>"; };
		55A8BB001E91720B0064E7F5 /* YAServerFactory.h */ = {isa = PBXFileReference; fileEncoding = 4; lastKnownFileType = sourcecode.c.h; path = YAServerFactory.h; sourceTree = "<group>"; };
		55A8BB011E91720B0064E7F5 /* YAServerFactory.m */ = {isa = PBXFileReference; fileEncoding = 4; lastKnownFileType = sourcecode.c.objc; path = YAServerFactory.m; sourceTree = "<group>"; };
		55A8BB021E91720B0064E7F5 /* YAAPIClient.h */ = {isa = PBXFileReference; fileEncoding = 4; lastKnownFileType = sourcecode.c.h; path = YAAPIClient.h; sourceTree = "<group>"; };
		55A8BB031E91720B0064E7F5 /* YAAPIClient.m */ = {isa = PBXFileReference; fileEncoding = 4; lastKnownFileType = sourcecode.c.objc; path = YAAPIClient.m; sourceTree = "<group>"; };
		55A8BB051E91720B0064E7F5 /* CheckAppStroeDataEngine.h */ = {isa = PBXFileReference; fileEncoding = 4; lastKnownFileType = sourcecode.c.h; path = CheckAppStroeDataEngine.h; sourceTree = "<group>"; };
		55A8BB061E91720B0064E7F5 /* CheckAppStroeDataEngine.m */ = {isa = PBXFileReference; fileEncoding = 4; lastKnownFileType = sourcecode.c.objc; path = CheckAppStroeDataEngine.m; sourceTree = "<group>"; };
		55A8BB071E91720B0064E7F5 /* ServerConfig.h */ = {isa = PBXFileReference; fileEncoding = 4; lastKnownFileType = sourcecode.c.h; path = ServerConfig.h; sourceTree = "<group>"; };
		55A8BB091E91720B0064E7F5 /* TLNetworking.h */ = {isa = PBXFileReference; fileEncoding = 4; lastKnownFileType = sourcecode.c.h; path = TLNetworking.h; sourceTree = "<group>"; };
		55A8BB0A1E91720B0064E7F5 /* TLNetworking.m */ = {isa = PBXFileReference; fileEncoding = 4; lastKnownFileType = sourcecode.c.objc; path = TLNetworking.m; sourceTree = "<group>"; };
		8561F7B72D44ED9635C37681 /* Pods-KYChat.release.xcconfig */ = {isa = PBXFileReference; includeInIndex = 1; lastKnownFileType = text.xcconfig; name = "Pods-KYChat.release.xcconfig"; path = "Pods/Target Support Files/Pods-KYChat/Pods-KYChat.release.xcconfig"; sourceTree = "<group>"; };
		8B08AB7C1E91FFCF008052E5 /* TLAccountViewController.h */ = {isa = PBXFileReference; fileEncoding = 4; lastKnownFileType = sourcecode.c.h; path = TLAccountViewController.h; sourceTree = "<group>"; };
		8B08AB7D1E91FFCF008052E5 /* TLAccountViewController.m */ = {isa = PBXFileReference; fileEncoding = 4; lastKnownFileType = sourcecode.c.objc; path = TLAccountViewController.m; sourceTree = "<group>"; };
		8B08AB7F1E920007008052E5 /* TLRegisterViewController.h */ = {isa = PBXFileReference; fileEncoding = 4; lastKnownFileType = sourcecode.c.h; path = TLRegisterViewController.h; sourceTree = "<group>"; };
		8B08AB801E920007008052E5 /* TLRegisterViewController.m */ = {isa = PBXFileReference; fileEncoding = 4; lastKnownFileType = sourcecode.c.objc; path = TLRegisterViewController.m; sourceTree = "<group>"; };
		8B08AB8C1E921DA8008052E5 /* TLUser.h */ = {isa = PBXFileReference; fileEncoding = 4; lastKnownFileType = sourcecode.c.h; path = TLUser.h; sourceTree = "<group>"; };
		8B08AB8D1E921DA8008052E5 /* TLUser.m */ = {isa = PBXFileReference; fileEncoding = 4; lastKnownFileType = sourcecode.c.objc; path = TLUser.m; sourceTree = "<group>"; };
		8B08AB8F1E921DE1008052E5 /* TLBaseDataModel.h */ = {isa = PBXFileReference; fileEncoding = 4; lastKnownFileType = sourcecode.c.h; path = TLBaseDataModel.h; sourceTree = "<group>"; };
		8B08AB901E921DE1008052E5 /* TLBaseDataModel.m */ = {isa = PBXFileReference; fileEncoding = 4; lastKnownFileType = sourcecode.c.objc; path = TLBaseDataModel.m; sourceTree = "<group>"; };
		8B08AB911E921DE1008052E5 /* TLBaseProxy.h */ = {isa = PBXFileReference; fileEncoding = 4; lastKnownFileType = sourcecode.c.h; path = TLBaseProxy.h; sourceTree = "<group>"; };
		8B08AB921E921DE1008052E5 /* TLBaseProxy.m */ = {isa = PBXFileReference; fileEncoding = 4; lastKnownFileType = sourcecode.c.objc; path = TLBaseProxy.m; sourceTree = "<group>"; };
		8B08AB981E921E27008052E5 /* TLUserDetail.h */ = {isa = PBXFileReference; fileEncoding = 4; lastKnownFileType = sourcecode.c.h; path = TLUserDetail.h; sourceTree = "<group>"; };
		8B08AB991E921E27008052E5 /* TLUserDetail.m */ = {isa = PBXFileReference; fileEncoding = 4; lastKnownFileType = sourcecode.c.objc; path = TLUserDetail.m; sourceTree = "<group>"; };
		8B08AB9A1E921E27008052E5 /* TLUserSetting.h */ = {isa = PBXFileReference; fileEncoding = 4; lastKnownFileType = sourcecode.c.h; path = TLUserSetting.h; sourceTree = "<group>"; };
		8B08AB9B1E921E27008052E5 /* TLUserSetting.m */ = {isa = PBXFileReference; fileEncoding = 4; lastKnownFileType = sourcecode.c.objc; path = TLUserSetting.m; sourceTree = "<group>"; };
		8B08AB9C1E921E27008052E5 /* TLUserChatSetting.h */ = {isa = PBXFileReference; fileEncoding = 4; lastKnownFileType = sourcecode.c.h; path = TLUserChatSetting.h; sourceTree = "<group>"; };
		8B08AB9D1E921E27008052E5 /* TLUserChatSetting.m */ = {isa = PBXFileReference; fileEncoding = 4; lastKnownFileType = sourcecode.c.objc; path = TLUserChatSetting.m; sourceTree = "<group>"; };
		8B08AB9E1E921E27008052E5 /* TLUserGroup.h */ = {isa = PBXFileReference; fileEncoding = 4; lastKnownFileType = sourcecode.c.h; path = TLUserGroup.h; sourceTree = "<group>"; };
		8B08AB9F1E921E27008052E5 /* TLUserGroup.m */ = {isa = PBXFileReference; fileEncoding = 4; lastKnownFileType = sourcecode.c.objc; path = TLUserGroup.m; sourceTree = "<group>"; };
		8B08ABA91E9221B7008052E5 /* KYUserHelper.h */ = {isa = PBXFileReference; fileEncoding = 4; lastKnownFileType = sourcecode.c.h; path = KYUserHelper.h; sourceTree = "<group>"; };
		8B08ABAA1E9221B7008052E5 /* KYUserHelper.m */ = {isa = PBXFileReference; fileEncoding = 4; lastKnownFileType = sourcecode.c.objc; path = KYUserHelper.m; sourceTree = "<group>"; };
		8B48650E1E91CEE000194A85 /* FaceEmoji.json */ = {isa = PBXFileReference; fileEncoding = 4; lastKnownFileType = text.json; path = FaceEmoji.json; sourceTree = "<group>"; };
		8B48650F1E91CEE000194A85 /* SystemEmoji.json */ = {isa = PBXFileReference; fileEncoding = 4; lastKnownFileType = text.json; path = SystemEmoji.json; sourceTree = "<group>"; };
		8B4865111E91CEE000194A85 /* Chat.xcassets */ = {isa = PBXFileReference; lastKnownFileType = folder.assetcatalog; path = Chat.xcassets; sourceTree = "<group>"; };
		8B4865121E91CEE000194A85 /* Common.xcassets */ = {isa = PBXFileReference; lastKnownFileType = folder.assetcatalog; path = Common.xcassets; sourceTree = "<group>"; };
		8B4865131E91CEE000194A85 /* Conversation.xcassets */ = {isa = PBXFileReference; lastKnownFileType = folder.assetcatalog; path = Conversation.xcassets; sourceTree = "<group>"; };
		8B4865141E91CEE000194A85 /* Discover.xcassets */ = {isa = PBXFileReference; lastKnownFileType = folder.assetcatalog; path = Discover.xcassets; sourceTree = "<group>"; };
		8B4865151E91CEE000194A85 /* Friends.xcassets */ = {isa = PBXFileReference; lastKnownFileType = folder.assetcatalog; path = Friends.xcassets; sourceTree = "<group>"; };
		8B4865161E91CEE000194A85 /* Launch.xcassets */ = {isa = PBXFileReference; lastKnownFileType = folder.assetcatalog; path = Launch.xcassets; sourceTree = "<group>"; };
		8B4865171E91CEE000194A85 /* Mine.xcassets */ = {isa = PBXFileReference; lastKnownFileType = folder.assetcatalog; path = Mine.xcassets; sourceTree = "<group>"; };
		8B48651A1E91CEE000194A85 /* FriendGroupList.json */ = {isa = PBXFileReference; fileEncoding = 4; lastKnownFileType = text.json; path = FriendGroupList.json; sourceTree = "<group>"; };
		8B48651B1E91CEE000194A85 /* FriendList.json */ = {isa = PBXFileReference; fileEncoding = 4; lastKnownFileType = text.json; path = FriendList.json; sourceTree = "<group>"; };
		8B48651D1E91CEE000194A85 /* main.js */ = {isa = PBXFileReference; fileEncoding = 4; lastKnownFileType = sourcecode.javascript; path = main.js; sourceTree = "<group>"; };
		8B48651F1E91CEE000194A85 /* Moments.json */ = {isa = PBXFileReference; fileEncoding = 4; lastKnownFileType = text.json; path = Moments.json; sourceTree = "<group>"; };
		8B4865301E91D13000194A85 /* TLLoginViewController.h */ = {isa = PBXFileReference; fileEncoding = 4; lastKnownFileType = sourcecode.c.h; path = TLLoginViewController.h; sourceTree = "<group>"; };
		8B4865311E91D13000194A85 /* TLLoginViewController.m */ = {isa = PBXFileReference; fileEncoding = 4; lastKnownFileType = sourcecode.c.objc; path = TLLoginViewController.m; sourceTree = "<group>"; };
		8BFC42AB1E8E3ED30087423D /* KYViewController.h */ = {isa = PBXFileReference; fileEncoding = 4; lastKnownFileType = sourcecode.c.h; path = KYViewController.h; sourceTree = "<group>"; };
		8BFC42AC1E8E3ED30087423D /* KYViewController.m */ = {isa = PBXFileReference; fileEncoding = 4; lastKnownFileType = sourcecode.c.objc; path = KYViewController.m; sourceTree = "<group>"; };
		8BFC42AF1E8E3FEF0087423D /* KYMacros.h */ = {isa = PBXFileReference; lastKnownFileType = sourcecode.c.h; path = KYMacros.h; sourceTree = "<group>"; };
		8BFC42B21E8E418A0087423D /* UIColor+KYChat.h */ = {isa = PBXFileReference; fileEncoding = 4; lastKnownFileType = sourcecode.c.h; name = "UIColor+KYChat.h"; path = "KYChat/Utilities/UIColor+KYChat.h"; sourceTree = SOURCE_ROOT; };
		8BFC42B31E8E418A0087423D /* UIColor+KYChat.m */ = {isa = PBXFileReference; fileEncoding = 4; lastKnownFileType = sourcecode.c.objc; name = "UIColor+KYChat.m"; path = "KYChat/Utilities/UIColor+KYChat.m"; sourceTree = SOURCE_ROOT; };
		8BFC42B51E8E42270087423D /* PrefixHeader.pch */ = {isa = PBXFileReference; lastKnownFileType = sourcecode.c.h; path = PrefixHeader.pch; sourceTree = "<group>"; };
		8BFC42C11E8E473A0087423D /* KYTableViewController.h */ = {isa = PBXFileReference; fileEncoding = 4; lastKnownFileType = sourcecode.c.h; path = KYTableViewController.h; sourceTree = "<group>"; };
		8BFC42C21E8E473A0087423D /* KYTableViewController.m */ = {isa = PBXFileReference; fileEncoding = 4; lastKnownFileType = sourcecode.c.objc; path = KYTableViewController.m; sourceTree = "<group>"; };
		8BFC42C41E8E49B20087423D /* KYConversationViewController.h */ = {isa = PBXFileReference; fileEncoding = 4; lastKnownFileType = sourcecode.c.h; path = KYConversationViewController.h; sourceTree = "<group>"; };
		8BFC42C51E8E49B20087423D /* KYConversationViewController.m */ = {isa = PBXFileReference; fileEncoding = 4; lastKnownFileType = sourcecode.c.objc; path = KYConversationViewController.m; sourceTree = "<group>"; };
		8BFC42CB1E8E4AD40087423D /* KYMenuViewController.h */ = {isa = PBXFileReference; fileEncoding = 4; lastKnownFileType = sourcecode.c.h; path = KYMenuViewController.h; sourceTree = "<group>"; };
		8BFC42CC1E8E4AD40087423D /* KYMenuViewController.m */ = {isa = PBXFileReference; fileEncoding = 4; lastKnownFileType = sourcecode.c.objc; path = KYMenuViewController.m; sourceTree = "<group>"; };
		8BFC42CE1E8E4B250087423D /* KYDiscoverViewController.h */ = {isa = PBXFileReference; fileEncoding = 4; lastKnownFileType = sourcecode.c.h; path = KYDiscoverViewController.h; sourceTree = "<group>"; };
		8BFC42CF1E8E4B250087423D /* KYDiscoverViewController.m */ = {isa = PBXFileReference; fileEncoding = 4; lastKnownFileType = sourcecode.c.objc; path = KYDiscoverViewController.m; sourceTree = "<group>"; };
		8BFC42D21E8E4B8B0087423D /* KYMineViewController.h */ = {isa = PBXFileReference; fileEncoding = 4; lastKnownFileType = sourcecode.c.h; path = KYMineViewController.h; sourceTree = "<group>"; };
		8BFC42D31E8E4B8B0087423D /* KYMineViewController.m */ = {isa = PBXFileReference; fileEncoding = 4; lastKnownFileType = sourcecode.c.objc; path = KYMineViewController.m; sourceTree = "<group>"; };
		8BFC42D51E8E4DFD0087423D /* KYTabBarController.h */ = {isa = PBXFileReference; fileEncoding = 4; lastKnownFileType = sourcecode.c.h; path = KYTabBarController.h; sourceTree = "<group>"; };
		8BFC42D61E8E4DFD0087423D /* KYTabBarController.m */ = {isa = PBXFileReference; fileEncoding = 4; lastKnownFileType = sourcecode.c.objc; path = KYTabBarController.m; sourceTree = "<group>"; };
		8BFC42D81E8E4E440087423D /* KYRootViewController.h */ = {isa = PBXFileReference; fileEncoding = 4; lastKnownFileType = sourcecode.c.h; path = KYRootViewController.h; sourceTree = "<group>"; };
		8BFC42D91E8E4E440087423D /* KYRootViewController.m */ = {isa = PBXFileReference; fileEncoding = 4; lastKnownFileType = sourcecode.c.objc; path = KYRootViewController.m; sourceTree = "<group>"; };
		8BFC42DC1E8E4FCF0087423D /* KYFriendSearchViewController.h */ = {isa = PBXFileReference; fileEncoding = 4; lastKnownFileType = sourcecode.c.h; path = KYFriendSearchViewController.h; sourceTree = "<group>"; };
		8BFC42DD1E8E4FCF0087423D /* KYFriendSearchViewController.m */ = {isa = PBXFileReference; fileEncoding = 4; lastKnownFileType = sourcecode.c.objc; path = KYFriendSearchViewController.m; sourceTree = "<group>"; };
		8BFC42DF1E8E503B0087423D /* KYFrieldsViewController.h */ = {isa = PBXFileReference; fileEncoding = 4; lastKnownFileType = sourcecode.c.h; path = KYFrieldsViewController.h; sourceTree = "<group>"; };
		8BFC42E01E8E503B0087423D /* KYFrieldsViewController.m */ = {isa = PBXFileReference; fileEncoding = 4; lastKnownFileType = sourcecode.c.objc; path = KYFrieldsViewController.m; sourceTree = "<group>"; };
		8BFC42E21E8E53160087423D /* KYNavigationController.h */ = {isa = PBXFileReference; fileEncoding = 4; lastKnownFileType = sourcecode.c.h; path = KYNavigationController.h; sourceTree = "<group>"; };
		8BFC42E31E8E53160087423D /* KYNavigationController.m */ = {isa = PBXFileReference; fileEncoding = 4; lastKnownFileType = sourcecode.c.objc; path = KYNavigationController.m; sourceTree = "<group>"; };
		8BFC42E51E8E53610087423D /* UIFont+KYChat.h */ = {isa = PBXFileReference; fileEncoding = 4; lastKnownFileType = sourcecode.c.h; name = "UIFont+KYChat.h"; path = "KYChat/Common/KYNavigationController/UIFont+KYChat.h"; sourceTree = SOURCE_ROOT; };
		8BFC42E61E8E53610087423D /* UIFont+KYChat.m */ = {isa = PBXFileReference; fileEncoding = 4; lastKnownFileType = sourcecode.c.objc; name = "UIFont+KYChat.m"; path = "KYChat/Common/KYNavigationController/UIFont+KYChat.m"; sourceTree = SOURCE_ROOT; };
		8BFC42EB1E8E56290087423D /* NSDate+Extension.h */ = {isa = PBXFileReference; fileEncoding = 4; lastKnownFileType = sourcecode.c.h; path = "NSDate+Extension.h"; sourceTree = "<group>"; };
		8BFC42EC1E8E56290087423D /* NSDate+Extension.m */ = {isa = PBXFileReference; fileEncoding = 4; lastKnownFileType = sourcecode.c.objc; path = "NSDate+Extension.m"; sourceTree = "<group>"; };
		8BFC42ED1E8E56290087423D /* NSDate+Utilities.h */ = {isa = PBXFileReference; fileEncoding = 4; lastKnownFileType = sourcecode.c.h; path = "NSDate+Utilities.h"; sourceTree = "<group>"; };
		8BFC42EE1E8E56290087423D /* NSDate+Utilities.m */ = {isa = PBXFileReference; fileEncoding = 4; lastKnownFileType = sourcecode.c.objc; path = "NSDate+Utilities.m"; sourceTree = "<group>"; };
		8BFC42F01E8E56290087423D /* NSFileManager+Paths.h */ = {isa = PBXFileReference; fileEncoding = 4; lastKnownFileType = sourcecode.c.h; path = "NSFileManager+Paths.h"; sourceTree = "<group>"; };
		8BFC42F11E8E56290087423D /* NSFileManager+Paths.m */ = {isa = PBXFileReference; fileEncoding = 4; lastKnownFileType = sourcecode.c.objc; path = "NSFileManager+Paths.m"; sourceTree = "<group>"; };
		8BFC42F31E8E56290087423D /* NSString+PinYin.h */ = {isa = PBXFileReference; fileEncoding = 4; lastKnownFileType = sourcecode.c.h; path = "NSString+PinYin.h"; sourceTree = "<group>"; };
		8BFC42F41E8E56290087423D /* NSString+PinYin.m */ = {isa = PBXFileReference; fileEncoding = 4; lastKnownFileType = sourcecode.c.objc; path = "NSString+PinYin.m"; sourceTree = "<group>"; };
		8BFC42F51E8E56290087423D /* NSString+UrlEncode.h */ = {isa = PBXFileReference; fileEncoding = 4; lastKnownFileType = sourcecode.c.h; path = "NSString+UrlEncode.h"; sourceTree = "<group>"; };
		8BFC42F61E8E56290087423D /* NSString+UrlEncode.m */ = {isa = PBXFileReference; fileEncoding = 4; lastKnownFileType = sourcecode.c.objc; path = "NSString+UrlEncode.m"; sourceTree = "<group>"; };
		8BFC42F81E8E56290087423D /* UIBarButtonItem+Action.h */ = {isa = PBXFileReference; fileEncoding = 4; lastKnownFileType = sourcecode.c.h; path = "UIBarButtonItem+Action.h"; sourceTree = "<group>"; };
		8BFC42F91E8E56290087423D /* UIBarButtonItem+Action.m */ = {isa = PBXFileReference; fileEncoding = 4; lastKnownFileType = sourcecode.c.objc; path = "UIBarButtonItem+Action.m"; sourceTree = "<group>"; };
		8BFC42FB1E8E56290087423D /* UIButton+TLChat.h */ = {isa = PBXFileReference; fileEncoding = 4; lastKnownFileType = sourcecode.c.h; path = "UIButton+TLChat.h"; sourceTree = "<group>"; };
		8BFC42FC1E8E56290087423D /* UIButton+TLChat.m */ = {isa = PBXFileReference; fileEncoding = 4; lastKnownFileType = sourcecode.c.objc; path = "UIButton+TLChat.m"; sourceTree = "<group>"; };
		8BFC42FE1E8E56290087423D /* UIImage+Color.h */ = {isa = PBXFileReference; fileEncoding = 4; lastKnownFileType = sourcecode.c.h; path = "UIImage+Color.h"; sourceTree = "<group>"; };
		8BFC42FF1E8E56290087423D /* UIImage+Color.m */ = {isa = PBXFileReference; fileEncoding = 4; lastKnownFileType = sourcecode.c.objc; path = "UIImage+Color.m"; sourceTree = "<group>"; };
		8BFC43001E8E56290087423D /* UIImage+Size.h */ = {isa = PBXFileReference; fileEncoding = 4; lastKnownFileType = sourcecode.c.h; path = "UIImage+Size.h"; sourceTree = "<group>"; };
		8BFC43011E8E56290087423D /* UIImage+Size.m */ = {isa = PBXFileReference; fileEncoding = 4; lastKnownFileType = sourcecode.c.objc; path = "UIImage+Size.m"; sourceTree = "<group>"; };
		8BFC43031E8E562A0087423D /* UIImagePickerController+Fixed.h */ = {isa = PBXFileReference; fileEncoding = 4; lastKnownFileType = sourcecode.c.h; path = "UIImagePickerController+Fixed.h"; sourceTree = "<group>"; };
		8BFC43041E8E562A0087423D /* UIImagePickerController+Fixed.m */ = {isa = PBXFileReference; fileEncoding = 4; lastKnownFileType = sourcecode.c.objc; path = "UIImagePickerController+Fixed.m"; sourceTree = "<group>"; };
		8BFC43061E8E562A0087423D /* UINavigationController+JZExtension.h */ = {isa = PBXFileReference; fileEncoding = 4; lastKnownFileType = sourcecode.c.h; path = "UINavigationController+JZExtension.h"; sourceTree = "<group>"; };
		8BFC43071E8E562A0087423D /* UINavigationController+JZExtension.m */ = {isa = PBXFileReference; fileEncoding = 4; lastKnownFileType = sourcecode.c.objc; path = "UINavigationController+JZExtension.m"; sourceTree = "<group>"; };
		8BFC43081E8E562A0087423D /* UINavigationController+StackManager.h */ = {isa = PBXFileReference; fileEncoding = 4; lastKnownFileType = sourcecode.c.h; path = "UINavigationController+StackManager.h"; sourceTree = "<group>"; };
		8BFC43091E8E562A0087423D /* UINavigationController+StackManager.m */ = {isa = PBXFileReference; fileEncoding = 4; lastKnownFileType = sourcecode.c.objc; path = "UINavigationController+StackManager.m"; sourceTree = "<group>"; };
		8BFC430B1E8E562A0087423D /* UINavigationItem+Fixed.h */ = {isa = PBXFileReference; fileEncoding = 4; lastKnownFileType = sourcecode.c.h; path = "UINavigationItem+Fixed.h"; sourceTree = "<group>"; };
		8BFC430C1E8E562A0087423D /* UINavigationItem+Fixed.m */ = {isa = PBXFileReference; fileEncoding = 4; lastKnownFileType = sourcecode.c.objc; path = "UINavigationItem+Fixed.m"; sourceTree = "<group>"; };
		8BFC430E1E8E562A0087423D /* UIScrollView+Pages.h */ = {isa = PBXFileReference; fileEncoding = 4; lastKnownFileType = sourcecode.c.h; path = "UIScrollView+Pages.h"; sourceTree = "<group>"; };
		8BFC430F1E8E562A0087423D /* UIScrollView+Pages.m */ = {isa = PBXFileReference; fileEncoding = 4; lastKnownFileType = sourcecode.c.objc; path = "UIScrollView+Pages.m"; sourceTree = "<group>"; };
		8BFC43111E8E562A0087423D /* UITableView+TLChat.h */ = {isa = PBXFileReference; fileEncoding = 4; lastKnownFileType = sourcecode.c.h; path = "UITableView+TLChat.h"; sourceTree = "<group>"; };
		8BFC43121E8E562A0087423D /* UITableView+TLChat.m */ = {isa = PBXFileReference; fileEncoding = 4; lastKnownFileType = sourcecode.c.objc; path = "UITableView+TLChat.m"; sourceTree = "<group>"; };
		8BFC43141E8E562A0087423D /* UIView+Extensions.h */ = {isa = PBXFileReference; fileEncoding = 4; lastKnownFileType = sourcecode.c.h; path = "UIView+Extensions.h"; sourceTree = "<group>"; };
		8BFC43151E8E562A0087423D /* UIView+Extensions.m */ = {isa = PBXFileReference; fileEncoding = 4; lastKnownFileType = sourcecode.c.objc; path = "UIView+Extensions.m"; sourceTree = "<group>"; };
		8BFC43161E8E562A0087423D /* UIView+Frame.h */ = {isa = PBXFileReference; fileEncoding = 4; lastKnownFileType = sourcecode.c.h; path = "UIView+Frame.h"; sourceTree = "<group>"; };
		8BFC43171E8E562A0087423D /* UIView+Frame.m */ = {isa = PBXFileReference; fileEncoding = 4; lastKnownFileType = sourcecode.c.objc; path = "UIView+Frame.m"; sourceTree = "<group>"; };
		F8467F2C3B12D60C5B577482 /* libPods-KYChat.a */ = {isa = PBXFileReference; explicitFileType = archive.ar; includeInIndex = 0; path = "libPods-KYChat.a"; sourceTree = BUILT_PRODUCTS_DIR; };
/* End PBXFileReference section */

/* Begin PBXFrameworksBuildPhase section */
		55950B4E1E8426A100ECF74F /* Frameworks */ = {
			isa = PBXFrameworksBuildPhase;
			buildActionMask = 2147483647;
			files = (
				00456AB2EB175D138A6B6758 /* libPods-KYChat.a in Frameworks */,
			);
			runOnlyForDeploymentPostprocessing = 0;
		};
		55950B671E8426A100ECF74F /* Frameworks */ = {
			isa = PBXFrameworksBuildPhase;
			buildActionMask = 2147483647;
			files = (
			);
			runOnlyForDeploymentPostprocessing = 0;
		};
		55950B721E8426A100ECF74F /* Frameworks */ = {
			isa = PBXFrameworksBuildPhase;
			buildActionMask = 2147483647;
			files = (
			);
			runOnlyForDeploymentPostprocessing = 0;
		};
/* End PBXFrameworksBuildPhase section */

/* Begin PBXGroup section */
		42892171DF688838417DC1F7 /* Pods */ = {
			isa = PBXGroup;
			children = (
				3112860C18C3384EDF1C1D51 /* Pods-KYChat.debug.xcconfig */,
				8561F7B72D44ED9635C37681 /* Pods-KYChat.release.xcconfig */,
			);
			name = Pods;
			sourceTree = "<group>";
		};
		55950B481E8426A100ECF74F = {
			isa = PBXGroup;
			children = (
				55950B531E8426A100ECF74F /* KYChat */,
				55950B6D1E8426A100ECF74F /* KYChatTests */,
				55950B781E8426A100ECF74F /* KYChatUITests */,
				55950B521E8426A100ECF74F /* Products */,
				42892171DF688838417DC1F7 /* Pods */,
				D213C9F81AF9657504FB8F23 /* Frameworks */,
			);
			sourceTree = "<group>";
		};
		55950B521E8426A100ECF74F /* Products */ = {
			isa = PBXGroup;
			children = (
				55950B511E8426A100ECF74F /* KYChat.app */,
				55950B6A1E8426A100ECF74F /* KYChatTests.xctest */,
				55950B751E8426A100ECF74F /* KYChatUITests.xctest */,
			);
			name = Products;
			sourceTree = "<group>";
		};
		55950B531E8426A100ECF74F /* KYChat */ = {
			isa = PBXGroup;
			children = (
				8B08ABA71E922199008052E5 /* Business */,
				8B08AB821E921B91008052E5 /* Proxys */,
				8B48650C1E91CEE000194A85 /* Resources */,
				8BFC42E81E8E55A30087423D /* EXtensions */,
				8BFC42B61E8E45E00087423D /* SRC */,
				8BFC42B01E8E411B0087423D /* Utilities */,
				8BFC42AE1E8E3FC20087423D /* Config */,
				8BFC429F1E8E3D320087423D /* Common */,
				55950B571E8426A100ECF74F /* AppDelegate.h */,
				55950B581E8426A100ECF74F /* AppDelegate.m */,
				55950B5A1E8426A100ECF74F /* ViewController.h */,
				55950B5B1E8426A100ECF74F /* ViewController.m */,
				55950B5D1E8426A100ECF74F /* Main.storyboard */,
				55950B601E8426A100ECF74F /* Assets.xcassets */,
				55950B621E8426A100ECF74F /* LaunchScreen.storyboard */,
				55950B651E8426A100ECF74F /* Info.plist */,
				55950B541E8426A100ECF74F /* Supporting Files */,
			);
			path = KYChat;
			sourceTree = "<group>";
		};
		55950B541E8426A100ECF74F /* Supporting Files */ = {
			isa = PBXGroup;
			children = (
				55950B551E8426A100ECF74F /* main.m */,
				8BFC42B51E8E42270087423D /* PrefixHeader.pch */,
			);
			name = "Supporting Files";
			sourceTree = "<group>";
		};
		55950B6D1E8426A100ECF74F /* KYChatTests */ = {
			isa = PBXGroup;
			children = (
				55950B6E1E8426A100ECF74F /* KYChatTests.m */,
				55950B701E8426A100ECF74F /* Info.plist */,
			);
			path = KYChatTests;
			sourceTree = "<group>";
		};
		55950B781E8426A100ECF74F /* KYChatUITests */ = {
			isa = PBXGroup;
			children = (
				55950B791E8426A100ECF74F /* KYChatUITests.m */,
				55950B7B1E8426A100ECF74F /* Info.plist */,
			);
			path = KYChatUITests;
			sourceTree = "<group>";
		};
		55A8BAD91E91720B0064E7F5 /* NetworkUtilities */ = {
			isa = PBXGroup;
			children = (
				55A8BADA1E91720B0064E7F5 /* http */,
				55A8BB081E91720B0064E7F5 /* TLNetworking */,
			);
			path = NetworkUtilities;
			sourceTree = "<group>";
		};
		55A8BADA1E91720B0064E7F5 /* http */ = {
			isa = PBXGroup;
			children = (
				55A8BADB1E91720B0064E7F5 /* Assistants */,
				55A8BAEA1E91720B0064E7F5 /* BaseEngine */,
				55A8BAED1E91720B0064E7F5 /* Categories */,
				55A8BAF61E91720B0064E7F5 /* Client */,
				55A8BB041E91720B0064E7F5 /* DataEngine */,
				55A8BB071E91720B0064E7F5 /* ServerConfig.h */,
			);
			path = http;
			sourceTree = "<group>";
		};
		55A8BADB1E91720B0064E7F5 /* Assistants */ = {
			isa = PBXGroup;
			children = (
				55A8BADC1E91720B0064E7F5 /* customSecurityPolocy.h */,
				55A8BADD1E91720B0064E7F5 /* customSecurityPolocy.m */,
				55A8BADE1E91720B0064E7F5 /* YAAPIBaseRequestDataModel.h */,
				55A8BADF1E91720B0064E7F5 /* YAAPIBaseRequestDataModel.m */,
				55A8BAE01E91720B0064E7F5 /* YAAPIResponseErrorHandler.h */,
				55A8BAE11E91720B0064E7F5 /* YAAPIResponseErrorHandler.m */,
				55A8BAE21E91720B0064E7F5 /* YAAPIURLRequestGenerator.h */,
				55A8BAE31E91720B0064E7F5 /* YAAPIURLRequestGenerator.m */,
				55A8BAE41E91720B0064E7F5 /* YAAppContext.h */,
				55A8BAE51E91720B0064E7F5 /* YAAppContext.m */,
				55A8BAE61E91720B0064E7F5 /* YACommonParamsGenerator.h */,
				55A8BAE71E91720B0064E7F5 /* YACommonParamsGenerator.m */,
				55A8BAE81E91720B0064E7F5 /* YASignatureGenerator.h */,
				55A8BAE91E91720B0064E7F5 /* YASignatureGenerator.m */,
			);
			path = Assistants;
			sourceTree = "<group>";
		};
		55A8BAEA1E91720B0064E7F5 /* BaseEngine */ = {
			isa = PBXGroup;
			children = (
				55A8BAEB1E91720B0064E7F5 /* YABaseDataEngine.h */,
				55A8BAEC1E91720B0064E7F5 /* YABaseDataEngine.m */,
			);
			path = BaseEngine;
			sourceTree = "<group>";
		};
		55A8BAED1E91720B0064E7F5 /* Categories */ = {
			isa = PBXGroup;
			children = (
				55A8BAEE1E91720B0064E7F5 /* NSObject+YANetWorkingAutoCancel.h */,
				55A8BAEF1E91720B0064E7F5 /* NSObject+YANetWorkingAutoCancel.m */,
				55A8BAF01E91720B0064E7F5 /* NSString+UtilNetworking.h */,
				55A8BAF11E91720B0064E7F5 /* NSString+UtilNetworking.m */,
				55A8BAF21E91720B0064E7F5 /* UIDevice+UtilNetworking.h */,
				55A8BAF31E91720B0064E7F5 /* UIDevice+UtilNetworking.m */,
				55A8BAF41E91720B0064E7F5 /* YANetworkingAutoCancelRequests.h */,
				55A8BAF51E91720B0064E7F5 /* YANetworkingAutoCancelRequests.m */,
			);
			path = Categories;
			sourceTree = "<group>";
		};
		55A8BAF61E91720B0064E7F5 /* Client */ = {
			isa = PBXGroup;
			children = (
				55A8BAF71E91720B0064E7F5 /* Servers */,
				55A8BB021E91720B0064E7F5 /* YAAPIClient.h */,
				55A8BB031E91720B0064E7F5 /* YAAPIClient.m */,
			);
			path = Client;
			sourceTree = "<group>";
		};
		55A8BAF71E91720B0064E7F5 /* Servers */ = {
			isa = PBXGroup;
			children = (
				55A8BAF81E91720B0064E7F5 /* FWZ */,
				55A8BAFB1E91720B0064E7F5 /* YA */,
				55A8BAFE1E91720B0064E7F5 /* YABaseServers.h */,
				55A8BAFF1E91720B0064E7F5 /* YABaseServers.m */,
				55A8BB001E91720B0064E7F5 /* YAServerFactory.h */,
				55A8BB011E91720B0064E7F5 /* YAServerFactory.m */,
			);
			path = Servers;
			sourceTree = "<group>";
		};
		55A8BAF81E91720B0064E7F5 /* FWZ */ = {
			isa = PBXGroup;
			children = (
				55A8BAF91E91720B0064E7F5 /* FWZServer.h */,
				55A8BAFA1E91720B0064E7F5 /* FWZServer.m */,
			);
			path = FWZ;
			sourceTree = "<group>";
		};
		55A8BAFB1E91720B0064E7F5 /* YA */ = {
			isa = PBXGroup;
			children = (
				55A8BAFC1E91720B0064E7F5 /* YAServer.h */,
				55A8BAFD1E91720B0064E7F5 /* YAServer.m */,
			);
			path = YA;
			sourceTree = "<group>";
		};
		55A8BB041E91720B0064E7F5 /* DataEngine */ = {
			isa = PBXGroup;
			children = (
				55A8BB051E91720B0064E7F5 /* CheckAppStroeDataEngine.h */,
				55A8BB061E91720B0064E7F5 /* CheckAppStroeDataEngine.m */,
			);
			path = DataEngine;
			sourceTree = "<group>";
		};
		55A8BB081E91720B0064E7F5 /* TLNetworking */ = {
			isa = PBXGroup;
			children = (
				55A8BB091E91720B0064E7F5 /* TLNetworking.h */,
				55A8BB0A1E91720B0064E7F5 /* TLNetworking.m */,
			);
			path = TLNetworking;
			sourceTree = "<group>";
		};
		8B08AB821E921B91008052E5 /* Proxys */ = {
			isa = PBXGroup;
			children = (
				8B08AB851E921BDE008052E5 /* Base */,
				8B08AB831E921B91008052E5 /* Friends */,
			);
			path = Proxys;
			sourceTree = "<group>";
		};
		8B08AB831E921B91008052E5 /* Friends */ = {
			isa = PBXGroup;
			children = (
				8B08AB841E921B91008052E5 /* Users */,
			);
			path = Friends;
			sourceTree = "<group>";
		};
		8B08AB841E921B91008052E5 /* Users */ = {
			isa = PBXGroup;
			children = (
				8B08AB8C1E921DA8008052E5 /* TLUser.h */,
				8B08AB8D1E921DA8008052E5 /* TLUser.m */,
				8B08AB981E921E27008052E5 /* TLUserDetail.h */,
				8B08AB991E921E27008052E5 /* TLUserDetail.m */,
				8B08AB9A1E921E27008052E5 /* TLUserSetting.h */,
				8B08AB9B1E921E27008052E5 /* TLUserSetting.m */,
				8B08AB9C1E921E27008052E5 /* TLUserChatSetting.h */,
				8B08AB9D1E921E27008052E5 /* TLUserChatSetting.m */,
				8B08AB9E1E921E27008052E5 /* TLUserGroup.h */,
				8B08AB9F1E921E27008052E5 /* TLUserGroup.m */,
			);
			path = Users;
			sourceTree = "<group>";
		};
		8B08AB851E921BDE008052E5 /* Base */ = {
			isa = PBXGroup;
			children = (
				8B08AB8F1E921DE1008052E5 /* TLBaseDataModel.h */,
				8B08AB901E921DE1008052E5 /* TLBaseDataModel.m */,
				8B08AB911E921DE1008052E5 /* TLBaseProxy.h */,
				8B08AB921E921DE1008052E5 /* TLBaseProxy.m */,
			);
			path = Base;
			sourceTree = "<group>";
		};
		8B08ABA71E922199008052E5 /* Business */ = {
			isa = PBXGroup;
			children = (
				8B08ABA81E922199008052E5 /* User */,
			);
			path = Business;
			sourceTree = "<group>";
		};
		8B08ABA81E922199008052E5 /* User */ = {
			isa = PBXGroup;
			children = (
				8B08ABA91E9221B7008052E5 /* KYUserHelper.h */,
				8B08ABAA1E9221B7008052E5 /* KYUserHelper.m */,
			);
			path = User;
			sourceTree = "<group>";
		};
		8B48650C1E91CEE000194A85 /* Resources */ = {
			isa = PBXGroup;
			children = (
				8B48650D1E91CEE000194A85 /* DefaultEmoji */,
				8B4865101E91CEE000194A85 /* Images */,
				8B4865181E91CEE000194A85 /* TestData */,
			);
			path = Resources;
			sourceTree = "<group>";
		};
		8B48650D1E91CEE000194A85 /* DefaultEmoji */ = {
			isa = PBXGroup;
			children = (
				8B48650E1E91CEE000194A85 /* FaceEmoji.json */,
				8B48650F1E91CEE000194A85 /* SystemEmoji.json */,
			);
			path = DefaultEmoji;
			sourceTree = "<group>";
		};
		8B4865101E91CEE000194A85 /* Images */ = {
			isa = PBXGroup;
			children = (
				8B4865111E91CEE000194A85 /* Chat.xcassets */,
				8B4865121E91CEE000194A85 /* Common.xcassets */,
				8B4865131E91CEE000194A85 /* Conversation.xcassets */,
				8B4865141E91CEE000194A85 /* Discover.xcassets */,
				8B4865151E91CEE000194A85 /* Friends.xcassets */,
				8B4865161E91CEE000194A85 /* Launch.xcassets */,
				8B4865171E91CEE000194A85 /* Mine.xcassets */,
			);
			path = Images;
			sourceTree = "<group>";
		};
		8B4865181E91CEE000194A85 /* TestData */ = {
			isa = PBXGroup;
			children = (
				8B4865191E91CEE000194A85 /* Friends */,
				8B48651C1E91CEE000194A85 /* JSPatch */,
				8B48651E1E91CEE000194A85 /* Moments */,
			);
			path = TestData;
			sourceTree = "<group>";
		};
		8B4865191E91CEE000194A85 /* Friends */ = {
			isa = PBXGroup;
			children = (
				8B48651A1E91CEE000194A85 /* FriendGroupList.json */,
				8B48651B1E91CEE000194A85 /* FriendList.json */,
			);
			path = Friends;
			sourceTree = "<group>";
		};
		8B48651C1E91CEE000194A85 /* JSPatch */ = {
			isa = PBXGroup;
			children = (
				8B48651D1E91CEE000194A85 /* main.js */,
			);
			path = JSPatch;
			sourceTree = "<group>";
		};
		8B48651E1E91CEE000194A85 /* Moments */ = {
			isa = PBXGroup;
			children = (
				8B48651F1E91CEE000194A85 /* Moments.json */,
			);
			path = Moments;
			sourceTree = "<group>";
		};
		8B48652D1E91D10100194A85 /* Login */ = {
			isa = PBXGroup;
			children = (
				8B4865301E91D13000194A85 /* TLLoginViewController.h */,
				8B4865311E91D13000194A85 /* TLLoginViewController.m */,
			);
			name = Login;
			sourceTree = "<group>";
		};
		8B48652E1E91D10D00194A85 /* Account */ = {
			isa = PBXGroup;
			children = (
				8B08AB7C1E91FFCF008052E5 /* TLAccountViewController.h */,
				8B08AB7D1E91FFCF008052E5 /* TLAccountViewController.m */,
			);
			name = Account;
			sourceTree = "<group>";
		};
		8B48652F1E91D11B00194A85 /* Reginster */ = {
			isa = PBXGroup;
			children = (
				8B08AB7F1E920007008052E5 /* TLRegisterViewController.h */,
				8B08AB801E920007008052E5 /* TLRegisterViewController.m */,
			);
			name = Reginster;
			sourceTree = "<group>";
		};
		8BFC429F1E8E3D320087423D /* Common */ = {
			isa = PBXGroup;
			children = (
				8BFC42A01E8E3EA40087423D /* KYActionSheet */,
				8BFC42A11E8E3EA40087423D /* KYlinfoViewController */,
				8BFC42A21E8E3EA40087423D /* KYMenuViewController */,
				8BFC42A31E8E3EA40087423D /* KYNavigationController */,
				8BFC42A41E8E3EA40087423D /* KYSearchController */,
				8BFC42A51E8E3EA40087423D /* KYSettingViewController */,
				8BFC42A61E8E3EA40087423D /* KYTabBarController */,
				8BFC42A71E8E3EA40087423D /* KYTableViewCell */,
				8BFC42A81E8E3EA40087423D /* KYTableViewController */,
				8BFC42A91E8E3EA40087423D /* KYViewController */,
				8BFC42AA1E8E3EA40087423D /* KYWebViewController */,
			);
			path = Common;
			sourceTree = "<group>";
		};
		8BFC42A01E8E3EA40087423D /* KYActionSheet */ = {
			isa = PBXGroup;
			children = (
			);
			path = KYActionSheet;
			sourceTree = "<group>";
		};
		8BFC42A11E8E3EA40087423D /* KYlinfoViewController */ = {
			isa = PBXGroup;
			children = (
			);
			path = KYlinfoViewController;
			sourceTree = "<group>";
		};
		8BFC42A21E8E3EA40087423D /* KYMenuViewController */ = {
			isa = PBXGroup;
			children = (
				8BFC42CB1E8E4AD40087423D /* KYMenuViewController.h */,
				8BFC42CC1E8E4AD40087423D /* KYMenuViewController.m */,
			);
			path = KYMenuViewController;
			sourceTree = "<group>";
		};
		8BFC42A31E8E3EA40087423D /* KYNavigationController */ = {
			isa = PBXGroup;
			children = (
				8BFC42E21E8E53160087423D /* KYNavigationController.h */,
				8BFC42E31E8E53160087423D /* KYNavigationController.m */,
			);
			path = KYNavigationController;
			sourceTree = "<group>";
		};
		8BFC42A41E8E3EA40087423D /* KYSearchController */ = {
			isa = PBXGroup;
			children = (
			);
			path = KYSearchController;
			sourceTree = "<group>";
		};
		8BFC42A51E8E3EA40087423D /* KYSettingViewController */ = {
			isa = PBXGroup;
			children = (
			);
			path = KYSettingViewController;
			sourceTree = "<group>";
		};
		8BFC42A61E8E3EA40087423D /* KYTabBarController */ = {
			isa = PBXGroup;
			children = (
				8BFC42D51E8E4DFD0087423D /* KYTabBarController.h */,
				8BFC42D61E8E4DFD0087423D /* KYTabBarController.m */,
			);
			path = KYTabBarController;
			sourceTree = "<group>";
		};
		8BFC42A71E8E3EA40087423D /* KYTableViewCell */ = {
			isa = PBXGroup;
			children = (
			);
			path = KYTableViewCell;
			sourceTree = "<group>";
		};
		8BFC42A81E8E3EA40087423D /* KYTableViewController */ = {
			isa = PBXGroup;
			children = (
				8BFC42C11E8E473A0087423D /* KYTableViewController.h */,
				8BFC42C21E8E473A0087423D /* KYTableViewController.m */,
			);
			path = KYTableViewController;
			sourceTree = "<group>";
		};
		8BFC42A91E8E3EA40087423D /* KYViewController */ = {
			isa = PBXGroup;
			children = (
				8BFC42AB1E8E3ED30087423D /* KYViewController.h */,
				8BFC42AC1E8E3ED30087423D /* KYViewController.m */,
			);
			path = KYViewController;
			sourceTree = "<group>";
		};
		8BFC42AA1E8E3EA40087423D /* KYWebViewController */ = {
			isa = PBXGroup;
			children = (
			);
			path = KYWebViewController;
			sourceTree = "<group>";
		};
		8BFC42AE1E8E3FC20087423D /* Config */ = {
			isa = PBXGroup;
			children = (
				8BFC42AF1E8E3FEF0087423D /* KYMacros.h */,
			);
			path = Config;
			sourceTree = "<group>";
		};
		8BFC42B01E8E411B0087423D /* Utilities */ = {
			isa = PBXGroup;
			children = (
				55A8BAD91E91720B0064E7F5 /* NetworkUtilities */,
				8BFC42B11E8E411B0087423D /* UIUtilities */,
			);
			path = Utilities;
			sourceTree = "<group>";
		};
		8BFC42B11E8E411B0087423D /* UIUtilities */ = {
			isa = PBXGroup;
			children = (
				8BFC42B21E8E418A0087423D /* UIColor+KYChat.h */,
				8BFC42B31E8E418A0087423D /* UIColor+KYChat.m */,
				8BFC42E51E8E53610087423D /* UIFont+KYChat.h */,
				8BFC42E61E8E53610087423D /* UIFont+KYChat.m */,
			);
			name = UIUtilities;
			path = "未命名文件夹";
			sourceTree = "<group>";
		};
		8BFC42B61E8E45E00087423D /* SRC */ = {
			isa = PBXGroup;
			children = (
				8BFC42B71E8E46E10087423D /* Chat */,
				8BFC42B81E8E46E10087423D /* Common */,
				8BFC42B91E8E46E10087423D /* Conversation */,
				8BFC42BC1E8E46E10087423D /* Discover */,
				8BFC42BD1E8E46E10087423D /* Friends */,
				8BFC42BE1E8E46E10087423D /* Mine */,
				8BFC42BF1E8E46E10087423D /* Root */,
				8BFC42C01E8E46E10087423D /* Setting */,
			);
			path = SRC;
			sourceTree = "<group>";
		};
		8BFC42B71E8E46E10087423D /* Chat */ = {
			isa = PBXGroup;
			children = (
			);
			path = Chat;
			sourceTree = "<group>";
		};
		8BFC42B81E8E46E10087423D /* Common */ = {
			isa = PBXGroup;
			children = (
			);
			path = Common;
			sourceTree = "<group>";
		};
		8BFC42B91E8E46E10087423D /* Conversation */ = {
			isa = PBXGroup;
			children = (
				8BFC42BA1E8E46E10087423D /* AddMenuView */,
				8BFC42BB1E8E46E10087423D /* ConversationViews */,
			);
			path = Conversation;
			sourceTree = "<group>";
		};
		8BFC42BA1E8E46E10087423D /* AddMenuView */ = {
			isa = PBXGroup;
			children = (
			);
			path = AddMenuView;
			sourceTree = "<group>";
		};
		8BFC42BB1E8E46E10087423D /* ConversationViews */ = {
			isa = PBXGroup;
			children = (
				8BFC42C41E8E49B20087423D /* KYConversationViewController.h */,
				8BFC42C51E8E49B20087423D /* KYConversationViewController.m */,
			);
			path = ConversationViews;
			sourceTree = "<group>";
		};
		8BFC42BC1E8E46E10087423D /* Discover */ = {
			isa = PBXGroup;
			children = (
				8BFC42CE1E8E4B250087423D /* KYDiscoverViewController.h */,
				8BFC42CF1E8E4B250087423D /* KYDiscoverViewController.m */,
			);
			path = Discover;
			sourceTree = "<group>";
		};
		8BFC42BD1E8E46E10087423D /* Friends */ = {
			isa = PBXGroup;
			children = (
				8BFC42DB1E8E4FCF0087423D /* FriendSearchViewController */,
				8BFC42C71E8E4A1F0087423D /* FriendsViewController */,
			);
			path = Friends;
			sourceTree = "<group>";
		};
		8BFC42BE1E8E46E10087423D /* Mine */ = {
			isa = PBXGroup;
			children = (
				8BFC42D11E8E4B700087423D /* MineViewController */,
			);
			path = Mine;
			sourceTree = "<group>";
		};
		8BFC42BF1E8E46E10087423D /* Root */ = {
			isa = PBXGroup;
			children = (
				8B48652F1E91D11B00194A85 /* Reginster */,
				8B48652E1E91D10D00194A85 /* Account */,
				8B48652D1E91D10100194A85 /* Login */,
				8BFC42D81E8E4E440087423D /* KYRootViewController.h */,
				8BFC42D91E8E4E440087423D /* KYRootViewController.m */,
			);
			path = Root;
			sourceTree = "<group>";
		};
		8BFC42C01E8E46E10087423D /* Setting */ = {
			isa = PBXGroup;
			children = (
			);
			path = Setting;
			sourceTree = "<group>";
		};
		8BFC42C71E8E4A1F0087423D /* FriendsViewController */ = {
			isa = PBXGroup;
			children = (
				8BFC42DF1E8E503B0087423D /* KYFrieldsViewController.h */,
				8BFC42E01E8E503B0087423D /* KYFrieldsViewController.m */,
			);
			path = FriendsViewController;
			sourceTree = "<group>";
		};
		8BFC42D11E8E4B700087423D /* MineViewController */ = {
			isa = PBXGroup;
			children = (
				8BFC42D21E8E4B8B0087423D /* KYMineViewController.h */,
				8BFC42D31E8E4B8B0087423D /* KYMineViewController.m */,
			);
			path = MineViewController;
			sourceTree = "<group>";
		};
		8BFC42DB1E8E4FCF0087423D /* FriendSearchViewController */ = {
			isa = PBXGroup;
			children = (
				8BFC42DC1E8E4FCF0087423D /* KYFriendSearchViewController.h */,
				8BFC42DD1E8E4FCF0087423D /* KYFriendSearchViewController.m */,
			);
			path = FriendSearchViewController;
			sourceTree = "<group>";
		};
		8BFC42E81E8E55A30087423D /* EXtensions */ = {
			isa = PBXGroup;
			children = (
				8BFC42E91E8E56290087423D /* Categories */,
			);
			path = EXtensions;
			sourceTree = "<group>";
		};
		8BFC42E91E8E56290087423D /* Categories */ = {
			isa = PBXGroup;
			children = (
				8BFC42EA1E8E56290087423D /* NSDate */,
				8BFC42EF1E8E56290087423D /* NSFileManager */,
				8BFC42F21E8E56290087423D /* NSString */,
				8BFC42F71E8E56290087423D /* UIBarButtonItem */,
				8BFC42FA1E8E56290087423D /* UIButton */,
				8BFC42FD1E8E56290087423D /* UIImage */,
				8BFC43021E8E56290087423D /* UIImagePickerController */,
				8BFC43051E8E562A0087423D /* UINavigationController */,
				8BFC430A1E8E562A0087423D /* UINavigationItem */,
				8BFC430D1E8E562A0087423D /* UIScrollView */,
				8BFC43101E8E562A0087423D /* UITableView */,
				8BFC43131E8E562A0087423D /* UIView */,
			);
			path = Categories;
			sourceTree = "<group>";
		};
		8BFC42EA1E8E56290087423D /* NSDate */ = {
			isa = PBXGroup;
			children = (
				8BFC42EB1E8E56290087423D /* NSDate+Extension.h */,
				8BFC42EC1E8E56290087423D /* NSDate+Extension.m */,
				8BFC42ED1E8E56290087423D /* NSDate+Utilities.h */,
				8BFC42EE1E8E56290087423D /* NSDate+Utilities.m */,
			);
			path = NSDate;
			sourceTree = "<group>";
		};
		8BFC42EF1E8E56290087423D /* NSFileManager */ = {
			isa = PBXGroup;
			children = (
				8BFC42F01E8E56290087423D /* NSFileManager+Paths.h */,
				8BFC42F11E8E56290087423D /* NSFileManager+Paths.m */,
			);
			path = NSFileManager;
			sourceTree = "<group>";
		};
		8BFC42F21E8E56290087423D /* NSString */ = {
			isa = PBXGroup;
			children = (
				8BFC42F31E8E56290087423D /* NSString+PinYin.h */,
				8BFC42F41E8E56290087423D /* NSString+PinYin.m */,
				8BFC42F51E8E56290087423D /* NSString+UrlEncode.h */,
				8BFC42F61E8E56290087423D /* NSString+UrlEncode.m */,
			);
			path = NSString;
			sourceTree = "<group>";
		};
		8BFC42F71E8E56290087423D /* UIBarButtonItem */ = {
			isa = PBXGroup;
			children = (
				8BFC42F81E8E56290087423D /* UIBarButtonItem+Action.h */,
				8BFC42F91E8E56290087423D /* UIBarButtonItem+Action.m */,
			);
			path = UIBarButtonItem;
			sourceTree = "<group>";
		};
		8BFC42FA1E8E56290087423D /* UIButton */ = {
			isa = PBXGroup;
			children = (
				8BFC42FB1E8E56290087423D /* UIButton+TLChat.h */,
				8BFC42FC1E8E56290087423D /* UIButton+TLChat.m */,
			);
			path = UIButton;
			sourceTree = "<group>";
		};
		8BFC42FD1E8E56290087423D /* UIImage */ = {
			isa = PBXGroup;
			children = (
				8BFC42FE1E8E56290087423D /* UIImage+Color.h */,
				8BFC42FF1E8E56290087423D /* UIImage+Color.m */,
				8BFC43001E8E56290087423D /* UIImage+Size.h */,
				8BFC43011E8E56290087423D /* UIImage+Size.m */,
			);
			path = UIImage;
			sourceTree = "<group>";
		};
		8BFC43021E8E56290087423D /* UIImagePickerController */ = {
			isa = PBXGroup;
			children = (
				8BFC43031E8E562A0087423D /* UIImagePickerController+Fixed.h */,
				8BFC43041E8E562A0087423D /* UIImagePickerController+Fixed.m */,
			);
			path = UIImagePickerController;
			sourceTree = "<group>";
		};
		8BFC43051E8E562A0087423D /* UINavigationController */ = {
			isa = PBXGroup;
			children = (
				8BFC43061E8E562A0087423D /* UINavigationController+JZExtension.h */,
				8BFC43071E8E562A0087423D /* UINavigationController+JZExtension.m */,
				8BFC43081E8E562A0087423D /* UINavigationController+StackManager.h */,
				8BFC43091E8E562A0087423D /* UINavigationController+StackManager.m */,
			);
			path = UINavigationController;
			sourceTree = "<group>";
		};
		8BFC430A1E8E562A0087423D /* UINavigationItem */ = {
			isa = PBXGroup;
			children = (
				8BFC430B1E8E562A0087423D /* UINavigationItem+Fixed.h */,
				8BFC430C1E8E562A0087423D /* UINavigationItem+Fixed.m */,
			);
			path = UINavigationItem;
			sourceTree = "<group>";
		};
		8BFC430D1E8E562A0087423D /* UIScrollView */ = {
			isa = PBXGroup;
			children = (
				8BFC430E1E8E562A0087423D /* UIScrollView+Pages.h */,
				8BFC430F1E8E562A0087423D /* UIScrollView+Pages.m */,
			);
			path = UIScrollView;
			sourceTree = "<group>";
		};
		8BFC43101E8E562A0087423D /* UITableView */ = {
			isa = PBXGroup;
			children = (
				8BFC43111E8E562A0087423D /* UITableView+TLChat.h */,
				8BFC43121E8E562A0087423D /* UITableView+TLChat.m */,
			);
			path = UITableView;
			sourceTree = "<group>";
		};
		8BFC43131E8E562A0087423D /* UIView */ = {
			isa = PBXGroup;
			children = (
				8BFC43141E8E562A0087423D /* UIView+Extensions.h */,
				8BFC43151E8E562A0087423D /* UIView+Extensions.m */,
				8BFC43161E8E562A0087423D /* UIView+Frame.h */,
				8BFC43171E8E562A0087423D /* UIView+Frame.m */,
			);
			path = UIView;
			sourceTree = "<group>";
		};
		D213C9F81AF9657504FB8F23 /* Frameworks */ = {
			isa = PBXGroup;
			children = (
				F8467F2C3B12D60C5B577482 /* libPods-KYChat.a */,
			);
			name = Frameworks;
			sourceTree = "<group>";
		};
/* End PBXGroup section */

/* Begin PBXNativeTarget section */
		55950B501E8426A100ECF74F /* KYChat */ = {
			isa = PBXNativeTarget;
			buildConfigurationList = 55950B7E1E8426A100ECF74F /* Build configuration list for PBXNativeTarget "KYChat" */;
			buildPhases = (
				E1D3B831BDED125115DA9283 /* [CP] Check Pods Manifest.lock */,
				55950B4D1E8426A100ECF74F /* Sources */,
				55950B4E1E8426A100ECF74F /* Frameworks */,
				55950B4F1E8426A100ECF74F /* Resources */,
				547F7096D1AEB613F0C7C85D /* [CP] Embed Pods Frameworks */,
				A84924AFF7EF535A7AC1467E /* [CP] Copy Pods Resources */,
			);
			buildRules = (
			);
			dependencies = (
			);
			name = KYChat;
			productName = KYChat;
			productReference = 55950B511E8426A100ECF74F /* KYChat.app */;
			productType = "com.apple.product-type.application";
		};
		55950B691E8426A100ECF74F /* KYChatTests */ = {
			isa = PBXNativeTarget;
			buildConfigurationList = 55950B811E8426A100ECF74F /* Build configuration list for PBXNativeTarget "KYChatTests" */;
			buildPhases = (
				55950B661E8426A100ECF74F /* Sources */,
				55950B671E8426A100ECF74F /* Frameworks */,
				55950B681E8426A100ECF74F /* Resources */,
			);
			buildRules = (
			);
			dependencies = (
				55950B6C1E8426A100ECF74F /* PBXTargetDependency */,
			);
			name = KYChatTests;
			productName = KYChatTests;
			productReference = 55950B6A1E8426A100ECF74F /* KYChatTests.xctest */;
			productType = "com.apple.product-type.bundle.unit-test";
		};
		55950B741E8426A100ECF74F /* KYChatUITests */ = {
			isa = PBXNativeTarget;
			buildConfigurationList = 55950B841E8426A100ECF74F /* Build configuration list for PBXNativeTarget "KYChatUITests" */;
			buildPhases = (
				55950B711E8426A100ECF74F /* Sources */,
				55950B721E8426A100ECF74F /* Frameworks */,
				55950B731E8426A100ECF74F /* Resources */,
			);
			buildRules = (
			);
			dependencies = (
				55950B771E8426A100ECF74F /* PBXTargetDependency */,
			);
			name = KYChatUITests;
			productName = KYChatUITests;
			productReference = 55950B751E8426A100ECF74F /* KYChatUITests.xctest */;
			productType = "com.apple.product-type.bundle.ui-testing";
		};
/* End PBXNativeTarget section */

/* Begin PBXProject section */
		55950B491E8426A100ECF74F /* Project object */ = {
			isa = PBXProject;
			attributes = {
				LastUpgradeCheck = 0820;
				ORGANIZATIONNAME = "凯  赵";
				TargetAttributes = {
					55950B501E8426A100ECF74F = {
						CreatedOnToolsVersion = 8.2.1;
						DevelopmentTeam = YYWC9JNZT3;
						ProvisioningStyle = Automatic;
					};
					55950B691E8426A100ECF74F = {
						CreatedOnToolsVersion = 8.2.1;
						DevelopmentTeam = YYWC9JNZT3;
						ProvisioningStyle = Automatic;
						TestTargetID = 55950B501E8426A100ECF74F;
					};
					55950B741E8426A100ECF74F = {
						CreatedOnToolsVersion = 8.2.1;
						DevelopmentTeam = YYWC9JNZT3;
						ProvisioningStyle = Automatic;
						TestTargetID = 55950B501E8426A100ECF74F;
					};
				};
			};
			buildConfigurationList = 55950B4C1E8426A100ECF74F /* Build configuration list for PBXProject "KYChat" */;
			compatibilityVersion = "Xcode 3.2";
			developmentRegion = English;
			hasScannedForEncodings = 0;
			knownRegions = (
				en,
				Base,
			);
			mainGroup = 55950B481E8426A100ECF74F;
			productRefGroup = 55950B521E8426A100ECF74F /* Products */;
			projectDirPath = "";
			projectRoot = "";
			targets = (
				55950B501E8426A100ECF74F /* KYChat */,
				55950B691E8426A100ECF74F /* KYChatTests */,
				55950B741E8426A100ECF74F /* KYChatUITests */,
			);
		};
/* End PBXProject section */

/* Begin PBXResourcesBuildPhase section */
		55950B4F1E8426A100ECF74F /* Resources */ = {
			isa = PBXResourcesBuildPhase;
			buildActionMask = 2147483647;
			files = (
				55950B641E8426A100ECF74F /* LaunchScreen.storyboard in Resources */,
				8B48652A1E91CEE000194A85 /* FriendList.json in Resources */,
				8B4865221E91CEE000194A85 /* Chat.xcassets in Resources */,
				8B4865281E91CEE000194A85 /* Mine.xcassets in Resources */,
				8B4865211E91CEE000194A85 /* SystemEmoji.json in Resources */,
				8B4865201E91CEE000194A85 /* FaceEmoji.json in Resources */,
				8B4865241E91CEE000194A85 /* Conversation.xcassets in Resources */,
				8B48652C1E91CEE000194A85 /* Moments.json in Resources */,
				8B4865271E91CEE000194A85 /* Launch.xcassets in Resources */,
				8B4865291E91CEE000194A85 /* FriendGroupList.json in Resources */,
				8B48652B1E91CEE000194A85 /* main.js in Resources */,
				55950B611E8426A100ECF74F /* Assets.xcassets in Resources */,
				55950B5F1E8426A100ECF74F /* Main.storyboard in Resources */,
				8B4865231E91CEE000194A85 /* Common.xcassets in Resources */,
				8B4865251E91CEE000194A85 /* Discover.xcassets in Resources */,
				8B4865261E91CEE000194A85 /* Friends.xcassets in Resources */,
			);
			runOnlyForDeploymentPostprocessing = 0;
		};
		55950B681E8426A100ECF74F /* Resources */ = {
			isa = PBXResourcesBuildPhase;
			buildActionMask = 2147483647;
			files = (
			);
			runOnlyForDeploymentPostprocessing = 0;
		};
		55950B731E8426A100ECF74F /* Resources */ = {
			isa = PBXResourcesBuildPhase;
			buildActionMask = 2147483647;
			files = (
			);
			runOnlyForDeploymentPostprocessing = 0;
		};
/* End PBXResourcesBuildPhase section */

/* Begin PBXShellScriptBuildPhase section */
		547F7096D1AEB613F0C7C85D /* [CP] Embed Pods Frameworks */ = {
			isa = PBXShellScriptBuildPhase;
			buildActionMask = 2147483647;
			files = (
			);
			inputPaths = (
			);
			name = "[CP] Embed Pods Frameworks";
			outputPaths = (
			);
			runOnlyForDeploymentPostprocessing = 0;
			shellPath = /bin/sh;
			shellScript = "\"${SRCROOT}/Pods/Target Support Files/Pods-KYChat/Pods-KYChat-frameworks.sh\"\n";
			showEnvVarsInLog = 0;
		};
		A84924AFF7EF535A7AC1467E /* [CP] Copy Pods Resources */ = {
			isa = PBXShellScriptBuildPhase;
			buildActionMask = 2147483647;
			files = (
			);
			inputPaths = (
			);
			name = "[CP] Copy Pods Resources";
			outputPaths = (
			);
			runOnlyForDeploymentPostprocessing = 0;
			shellPath = /bin/sh;
			shellScript = "\"${SRCROOT}/Pods/Target Support Files/Pods-KYChat/Pods-KYChat-resources.sh\"\n";
			showEnvVarsInLog = 0;
		};
		E1D3B831BDED125115DA9283 /* [CP] Check Pods Manifest.lock */ = {
			isa = PBXShellScriptBuildPhase;
			buildActionMask = 2147483647;
			files = (
			);
			inputPaths = (
			);
			name = "[CP] Check Pods Manifest.lock";
			outputPaths = (
			);
			runOnlyForDeploymentPostprocessing = 0;
			shellPath = /bin/sh;
			shellScript = "diff \"${PODS_ROOT}/../Podfile.lock\" \"${PODS_ROOT}/Manifest.lock\" > /dev/null\nif [ $? != 0 ] ; then\n    # print error to STDERR\n    echo \"error: The sandbox is not in sync with the Podfile.lock. Run 'pod install' or update your CocoaPods installation.\" >&2\n    exit 1\nfi\n";
			showEnvVarsInLog = 0;
		};
/* End PBXShellScriptBuildPhase section */

/* Begin PBXSourcesBuildPhase section */
		55950B4D1E8426A100ECF74F /* Sources */ = {
			isa = PBXSourcesBuildPhase;
			buildActionMask = 2147483647;
			files = (
				55A8BB131E91720B0064E7F5 /* NSObject+YANetWorkingAutoCancel.m in Sources */,
				8BFC43211E8E562A0087423D /* UIImagePickerController+Fixed.m in Sources */,
				8B08AB7E1E91FFCF008052E5 /* TLAccountViewController.m in Sources */,
				8BFC42C61E8E49B20087423D /* KYConversationViewController.m in Sources */,
				55A8BB1C1E91720B0064E7F5 /* CheckAppStroeDataEngine.m in Sources */,
				55A8BB181E91720B0064E7F5 /* YAServer.m in Sources */,
				8BFC43271E8E562A0087423D /* UIView+Extensions.m in Sources */,
				8BFC431A1E8E562A0087423D /* NSFileManager+Paths.m in Sources */,
				8B08ABA31E921E27008052E5 /* TLUserGroup.m in Sources */,
				55A8BB0B1E91720B0064E7F5 /* customSecurityPolocy.m in Sources */,
				55A8BB0E1E91720B0064E7F5 /* YAAPIURLRequestGenerator.m in Sources */,
				8B08AB951E921DE1008052E5 /* TLBaseDataModel.m in Sources */,
				8B08ABA21E921E27008052E5 /* TLUserChatSetting.m in Sources */,
				55A8BB0C1E91720B0064E7F5 /* YAAPIBaseRequestDataModel.m in Sources */,
				55A8BB191E91720B0064E7F5 /* YABaseServers.m in Sources */,
				8BFC431D1E8E562A0087423D /* UIBarButtonItem+Action.m in Sources */,
				8BFC431E1E8E562A0087423D /* UIButton+TLChat.m in Sources */,
				55A8BB161E91720B0064E7F5 /* YANetworkingAutoCancelRequests.m in Sources */,
				8BFC42DE1E8E4FCF0087423D /* KYFriendSearchViewController.m in Sources */,
				55A8BB151E91720B0064E7F5 /* UIDevice+UtilNetworking.m in Sources */,
				55A8BB1B1E91720B0064E7F5 /* YAAPIClient.m in Sources */,
				8BFC42C31E8E473A0087423D /* KYTableViewController.m in Sources */,
				55A8BB171E91720B0064E7F5 /* FWZServer.m in Sources */,
				55A8BB141E91720B0064E7F5 /* NSString+UtilNetworking.m in Sources */,
				8BFC42D71E8E4DFD0087423D /* KYTabBarController.m in Sources */,
				8BFC43241E8E562A0087423D /* UINavigationItem+Fixed.m in Sources */,
				8BFC42E11E8E503B0087423D /* KYFrieldsViewController.m in Sources */,
				8BFC42CD1E8E4AD40087423D /* KYMenuViewController.m in Sources */,
				55A8BB121E91720B0064E7F5 /* YABaseDataEngine.m in Sources */,
				8BFC42E41E8E53160087423D /* KYNavigationController.m in Sources */,
				8BFC42D41E8E4B8B0087423D /* KYMineViewController.m in Sources */,
				8BFC42AD1E8E3ED30087423D /* KYViewController.m in Sources */,
				8BFC42B41E8E418A0087423D /* UIColor+KYChat.m in Sources */,
				55A8BB1D1E91720B0064E7F5 /* TLNetworking.m in Sources */,
				8BFC43231E8E562A0087423D /* UINavigationController+StackManager.m in Sources */,
				8B08AB961E921DE1008052E5 /* TLBaseProxy.m in Sources */,
				8BFC43181E8E562A0087423D /* NSDate+Extension.m in Sources */,
				8B08ABA01E921E27008052E5 /* TLUserDetail.m in Sources */,
				55950B5C1E8426A100ECF74F /* ViewController.m in Sources */,
				8BFC43251E8E562A0087423D /* UIScrollView+Pages.m in Sources */,
				55950B591E8426A100ECF74F /* AppDelegate.m in Sources */,
				8B08ABA11E921E27008052E5 /* TLUserSetting.m in Sources */,
				8BFC43281E8E562A0087423D /* UIView+Frame.m in Sources */,
				8BFC431C1E8E562A0087423D /* NSString+UrlEncode.m in Sources */,
				8B4865321E91D13000194A85 /* TLLoginViewController.m in Sources */,
				8BFC431B1E8E562A0087423D /* NSString+PinYin.m in Sources */,
				8BFC43191E8E562A0087423D /* NSDate+Utilities.m in Sources */,
				55A8BB111E91720B0064E7F5 /* YASignatureGenerator.m in Sources */,
				8B08AB8E1E921DA8008052E5 /* TLUser.m in Sources */,
				8B08AB811E920007008052E5 /* TLRegisterViewController.m in Sources */,
				8B08ABAB1E9221B7008052E5 /* KYUserHelper.m in Sources */,
				8BFC42DA1E8E4E440087423D /* KYRootViewController.m in Sources */,
				8BFC43261E8E562A0087423D /* UITableView+TLChat.m in Sources */,
				55950B561E8426A100ECF74F /* main.m in Sources */,
				55A8BB101E91720B0064E7F5 /* YACommonParamsGenerator.m in Sources */,
				55A8BB0F1E91720B0064E7F5 /* YAAppContext.m in Sources */,
				8BFC431F1E8E562A0087423D /* UIImage+Color.m in Sources */,
				8BFC43221E8E562A0087423D /* UINavigationController+JZExtension.m in Sources */,
				8BFC43201E8E562A0087423D /* UIImage+Size.m in Sources */,
				55A8BB0D1E91720B0064E7F5 /* YAAPIResponseErrorHandler.m in Sources */,
				55A8BB1A1E91720B0064E7F5 /* YAServerFactory.m in Sources */,
				8BFC42E71E8E53610087423D /* UIFont+KYChat.m in Sources */,
				8BFC42D01E8E4B250087423D /* KYDiscoverViewController.m in Sources */,
			);
			runOnlyForDeploymentPostprocessing = 0;
		};
		55950B661E8426A100ECF74F /* Sources */ = {
			isa = PBXSourcesBuildPhase;
			buildActionMask = 2147483647;
			files = (
				55950B6F1E8426A100ECF74F /* KYChatTests.m in Sources */,
			);
			runOnlyForDeploymentPostprocessing = 0;
		};
		55950B711E8426A100ECF74F /* Sources */ = {
			isa = PBXSourcesBuildPhase;
			buildActionMask = 2147483647;
			files = (
				55950B7A1E8426A100ECF74F /* KYChatUITests.m in Sources */,
			);
			runOnlyForDeploymentPostprocessing = 0;
		};
/* End PBXSourcesBuildPhase section */

/* Begin PBXTargetDependency section */
		55950B6C1E8426A100ECF74F /* PBXTargetDependency */ = {
			isa = PBXTargetDependency;
			target = 55950B501E8426A100ECF74F /* KYChat */;
			targetProxy = 55950B6B1E8426A100ECF74F /* PBXContainerItemProxy */;
		};
		55950B771E8426A100ECF74F /* PBXTargetDependency */ = {
			isa = PBXTargetDependency;
			target = 55950B501E8426A100ECF74F /* KYChat */;
			targetProxy = 55950B761E8426A100ECF74F /* PBXContainerItemProxy */;
		};
/* End PBXTargetDependency section */

/* Begin PBXVariantGroup section */
		55950B5D1E8426A100ECF74F /* Main.storyboard */ = {
			isa = PBXVariantGroup;
			children = (
				55950B5E1E8426A100ECF74F /* Base */,
			);
			name = Main.storyboard;
			sourceTree = "<group>";
		};
		55950B621E8426A100ECF74F /* LaunchScreen.storyboard */ = {
			isa = PBXVariantGroup;
			children = (
				55950B631E8426A100ECF74F /* Base */,
			);
			name = LaunchScreen.storyboard;
			sourceTree = "<group>";
		};
/* End PBXVariantGroup section */

/* Begin XCBuildConfiguration section */
		55950B7C1E8426A100ECF74F /* Debug */ = {
			isa = XCBuildConfiguration;
			buildSettings = {
				ALWAYS_SEARCH_USER_PATHS = NO;
				CLANG_ANALYZER_NONNULL = YES;
				CLANG_CXX_LANGUAGE_STANDARD = "gnu++0x";
				CLANG_CXX_LIBRARY = "libc++";
				CLANG_ENABLE_MODULES = YES;
				CLANG_ENABLE_OBJC_ARC = YES;
				CLANG_WARN_BOOL_CONVERSION = YES;
				CLANG_WARN_CONSTANT_CONVERSION = YES;
				CLANG_WARN_DIRECT_OBJC_ISA_USAGE = YES_ERROR;
				CLANG_WARN_DOCUMENTATION_COMMENTS = YES;
				CLANG_WARN_EMPTY_BODY = YES;
				CLANG_WARN_ENUM_CONVERSION = YES;
				CLANG_WARN_INFINITE_RECURSION = YES;
				CLANG_WARN_INT_CONVERSION = YES;
				CLANG_WARN_OBJC_ROOT_CLASS = YES_ERROR;
				CLANG_WARN_SUSPICIOUS_MOVE = YES;
				CLANG_WARN_UNREACHABLE_CODE = YES;
				CLANG_WARN__DUPLICATE_METHOD_MATCH = YES;
				"CODE_SIGN_IDENTITY[sdk=iphoneos*]" = "iPhone Developer";
				COPY_PHASE_STRIP = NO;
				DEBUG_INFORMATION_FORMAT = dwarf;
				ENABLE_STRICT_OBJC_MSGSEND = YES;
				ENABLE_TESTABILITY = YES;
				GCC_C_LANGUAGE_STANDARD = gnu99;
				GCC_DYNAMIC_NO_PIC = NO;
				GCC_NO_COMMON_BLOCKS = YES;
				GCC_OPTIMIZATION_LEVEL = 0;
				GCC_PREPROCESSOR_DEFINITIONS = (
					"DEBUG=1",
					"$(inherited)",
				);
				GCC_WARN_64_TO_32_BIT_CONVERSION = YES;
				GCC_WARN_ABOUT_RETURN_TYPE = YES_ERROR;
				GCC_WARN_UNDECLARED_SELECTOR = YES;
				GCC_WARN_UNINITIALIZED_AUTOS = YES_AGGRESSIVE;
				GCC_WARN_UNUSED_FUNCTION = YES;
				GCC_WARN_UNUSED_VARIABLE = YES;
				IPHONEOS_DEPLOYMENT_TARGET = 8.0;
				MTL_ENABLE_DEBUG_INFO = YES;
				ONLY_ACTIVE_ARCH = YES;
				SDKROOT = iphoneos;
				TARGETED_DEVICE_FAMILY = "1,2";
			};
			name = Debug;
		};
		55950B7D1E8426A100ECF74F /* Release */ = {
			isa = XCBuildConfiguration;
			buildSettings = {
				ALWAYS_SEARCH_USER_PATHS = NO;
				CLANG_ANALYZER_NONNULL = YES;
				CLANG_CXX_LANGUAGE_STANDARD = "gnu++0x";
				CLANG_CXX_LIBRARY = "libc++";
				CLANG_ENABLE_MODULES = YES;
				CLANG_ENABLE_OBJC_ARC = YES;
				CLANG_WARN_BOOL_CONVERSION = YES;
				CLANG_WARN_CONSTANT_CONVERSION = YES;
				CLANG_WARN_DIRECT_OBJC_ISA_USAGE = YES_ERROR;
				CLANG_WARN_DOCUMENTATION_COMMENTS = YES;
				CLANG_WARN_EMPTY_BODY = YES;
				CLANG_WARN_ENUM_CONVERSION = YES;
				CLANG_WARN_INFINITE_RECURSION = YES;
				CLANG_WARN_INT_CONVERSION = YES;
				CLANG_WARN_OBJC_ROOT_CLASS = YES_ERROR;
				CLANG_WARN_SUSPICIOUS_MOVE = YES;
				CLANG_WARN_UNREACHABLE_CODE = YES;
				CLANG_WARN__DUPLICATE_METHOD_MATCH = YES;
				"CODE_SIGN_IDENTITY[sdk=iphoneos*]" = "iPhone Developer";
				COPY_PHASE_STRIP = NO;
				DEBUG_INFORMATION_FORMAT = "dwarf-with-dsym";
				ENABLE_NS_ASSERTIONS = NO;
				ENABLE_STRICT_OBJC_MSGSEND = YES;
				GCC_C_LANGUAGE_STANDARD = gnu99;
				GCC_NO_COMMON_BLOCKS = YES;
				GCC_WARN_64_TO_32_BIT_CONVERSION = YES;
				GCC_WARN_ABOUT_RETURN_TYPE = YES_ERROR;
				GCC_WARN_UNDECLARED_SELECTOR = YES;
				GCC_WARN_UNINITIALIZED_AUTOS = YES_AGGRESSIVE;
				GCC_WARN_UNUSED_FUNCTION = YES;
				GCC_WARN_UNUSED_VARIABLE = YES;
				IPHONEOS_DEPLOYMENT_TARGET = 8.0;
				MTL_ENABLE_DEBUG_INFO = NO;
				SDKROOT = iphoneos;
				TARGETED_DEVICE_FAMILY = "1,2";
				VALIDATE_PRODUCT = YES;
			};
			name = Release;
		};
		55950B7F1E8426A100ECF74F /* Debug */ = {
			isa = XCBuildConfiguration;
			baseConfigurationReference = 3112860C18C3384EDF1C1D51 /* Pods-KYChat.debug.xcconfig */;
			buildSettings = {
				ASSETCATALOG_COMPILER_APPICON_NAME = AppIcon;
				DEVELOPMENT_TEAM = YYWC9JNZT3;
				GCC_PREFIX_HEADER = "$(SRCROOT)/KYChat/PrefixHeader.pch";
				INFOPLIST_FILE = KYChat/Info.plist;
				LD_RUNPATH_SEARCH_PATHS = "$(inherited) @executable_path/Frameworks";
				PRODUCT_BUNDLE_IDENTIFIER = nughg;
				PRODUCT_NAME = "$(TARGET_NAME)";
			};
			name = Debug;
		};
		55950B801E8426A100ECF74F /* Release */ = {
			isa = XCBuildConfiguration;
			baseConfigurationReference = 8561F7B72D44ED9635C37681 /* Pods-KYChat.release.xcconfig */;
			buildSettings = {
				ASSETCATALOG_COMPILER_APPICON_NAME = AppIcon;
				DEVELOPMENT_TEAM = YYWC9JNZT3;
				GCC_PREFIX_HEADER = "$(SRCROOT)/KYChat/PrefixHeader.pch";
				INFOPLIST_FILE = KYChat/Info.plist;
				LD_RUNPATH_SEARCH_PATHS = "$(inherited) @executable_path/Frameworks";
				PRODUCT_BUNDLE_IDENTIFIER = nughg;
				PRODUCT_NAME = "$(TARGET_NAME)";
			};
			name = Release;
		};
		55950B821E8426A100ECF74F /* Debug */ = {
			isa = XCBuildConfiguration;
			buildSettings = {
				BUNDLE_LOADER = "$(TEST_HOST)";
				DEVELOPMENT_TEAM = YYWC9JNZT3;
				INFOPLIST_FILE = KYChatTests/Info.plist;
				LD_RUNPATH_SEARCH_PATHS = "$(inherited) @executable_path/Frameworks @loader_path/Frameworks";
				PRODUCT_BUNDLE_IDENTIFIER = com.bingjunappstore.hongren.KYChatTests;
				PRODUCT_NAME = "$(TARGET_NAME)";
				TEST_HOST = "$(BUILT_PRODUCTS_DIR)/KYChat.app/KYChat";
			};
			name = Debug;
		};
		55950B831E8426A100ECF74F /* Release */ = {
			isa = XCBuildConfiguration;
			buildSettings = {
				BUNDLE_LOADER = "$(TEST_HOST)";
				DEVELOPMENT_TEAM = YYWC9JNZT3;
				INFOPLIST_FILE = KYChatTests/Info.plist;
				LD_RUNPATH_SEARCH_PATHS = "$(inherited) @executable_path/Frameworks @loader_path/Frameworks";
				PRODUCT_BUNDLE_IDENTIFIER = com.bingjunappstore.hongren.KYChatTests;
				PRODUCT_NAME = "$(TARGET_NAME)";
				TEST_HOST = "$(BUILT_PRODUCTS_DIR)/KYChat.app/KYChat";
			};
			name = Release;
		};
		55950B851E8426A100ECF74F /* Debug */ = {
			isa = XCBuildConfiguration;
			buildSettings = {
				DEVELOPMENT_TEAM = YYWC9JNZT3;
				INFOPLIST_FILE = KYChatUITests/Info.plist;
				LD_RUNPATH_SEARCH_PATHS = "$(inherited) @executable_path/Frameworks @loader_path/Frameworks";
				PRODUCT_BUNDLE_IDENTIFIER = com.bingjunappstore.hongren.KYChatUITests;
				PRODUCT_NAME = "$(TARGET_NAME)";
				TEST_TARGET_NAME = KYChat;
			};
			name = Debug;
		};
		55950B861E8426A100ECF74F /* Release */ = {
			isa = XCBuildConfiguration;
			buildSettings = {
				DEVELOPMENT_TEAM = YYWC9JNZT3;
				INFOPLIST_FILE = KYChatUITests/Info.plist;
				LD_RUNPATH_SEARCH_PATHS = "$(inherited) @executable_path/Frameworks @loader_path/Frameworks";
				PRODUCT_BUNDLE_IDENTIFIER = com.bingjunappstore.hongren.KYChatUITests;
				PRODUCT_NAME = "$(TARGET_NAME)";
				TEST_TARGET_NAME = KYChat;
			};
			name = Release;
		};
/* End XCBuildConfiguration section */

/* Begin XCConfigurationList section */
		55950B4C1E8426A100ECF74F /* Build configuration list for PBXProject "KYChat" */ = {
			isa = XCConfigurationList;
			buildConfigurations = (
				55950B7C1E8426A100ECF74F /* Debug */,
				55950B7D1E8426A100ECF74F /* Release */,
			);
			defaultConfigurationIsVisible = 0;
			defaultConfigurationName = Release;
		};
		55950B7E1E8426A100ECF74F /* Build configuration list for PBXNativeTarget "KYChat" */ = {
			isa = XCConfigurationList;
			buildConfigurations = (
				55950B7F1E8426A100ECF74F /* Debug */,
				55950B801E8426A100ECF74F /* Release */,
			);
			defaultConfigurationIsVisible = 0;
			defaultConfigurationName = Release;
		};
		55950B811E8426A100ECF74F /* Build configuration list for PBXNativeTarget "KYChatTests" */ = {
			isa = XCConfigurationList;
			buildConfigurations = (
				55950B821E8426A100ECF74F /* Debug */,
				55950B831E8426A100ECF74F /* Release */,
			);
			defaultConfigurationIsVisible = 0;
			defaultConfigurationName = Release;
		};
		55950B841E8426A100ECF74F /* Build configuration list for PBXNativeTarget "KYChatUITests" */ = {
			isa = XCConfigurationList;
			buildConfigurations = (
				55950B851E8426A100ECF74F /* Debug */,
				55950B861E8426A100ECF74F /* Release */,
			);
			defaultConfigurationIsVisible = 0;
			defaultConfigurationName = Release;
		};
/* End XCConfigurationList section */
	};
	rootObject = 55950B491E8426A100ECF74F /* Project object */;
}
